
Microsoft Visual Studio Solution File, Format Version 12.00
# Visual Studio 14
VisualStudioVersion = 14.0.25420.1
MinimumVisualStudioVersion = 10.0.40219.1
Project("{FAE04EC0-301F-11D3-BF4B-00C04F79EFBC}") = "MoyskleyTech.General.Test", "ColoredLabel\MoyskleyTech.General.Test.csproj", "{56487FBF-63EA-4D24-A0C1-49394223099C}"
	ProjectSection(ProjectDependencies) = postProject
		{33C4FCDF-46CF-4C04-8529-EB7030394804} = {33C4FCDF-46CF-4C04-8529-EB7030394804}
	EndProjectSection
EndProject

Project("{FAE04EC0-301F-11D3-BF4B-00C04F79EFBC}") = "MoyskleyTech.ImageProcessing", "MoyskleyTech.ImageProcessing\MoyskleyTech.ImageProcessing.csproj", "{2C8478D7-77CC-4BC2-8909-CF0D2ECF2E0A}"
EndProject
Project("{FAE04EC0-301F-11D3-BF4B-00C04F79EFBC}") = "MoyskleyTech.Math", "MoyskleyTech.Math\MoyskleyTech.Math.csproj", "{DB1E3F2B-B6FA-425A-A8C2-2A994303F05D}"
EndProject
Project("{FAE04EC0-301F-11D3-BF4B-00C04F79EFBC}") = "FontEditor", "FontEditor\FontEditor.csproj", "{284D0B6E-A0DA-4B1F-A203-2E7C62D96FB5}"
EndProject
Project("{FAE04EC0-301F-11D3-BF4B-00C04F79EFBC}") = "MoyskleyTech.Serialization", "MoyskleyTech.Serialization\MoyskleyTech.Serialization.csproj", "{DA0D0863-DF5C-4578-8D0D-46E4BDB7982A}"
EndProject
Project("{FAE04EC0-301F-11D3-BF4B-00C04F79EFBC}") = "MoyskleyTech.Charting", "MoyskleyTech.Charting\MoyskleyTech.Charting.csproj", "{6A3DBB52-B853-4B96-AA2A-E8259C8737CA}"
EndProject
Project("{FAE04EC0-301F-11D3-BF4B-00C04F79EFBC}") = "FontLibrary", "FontLibrary\FontLibrary.csproj", "{FF2821E6-C5FB-48F7-8A55-81FF7053EE14}"
EndProject
Project("{FAE04EC0-301F-11D3-BF4B-00C04F79EFBC}") = "MoyskleyTech.ImageProcessing.WPF", "MoyskleyTech.ImageProcessing.WPF\MoyskleyTech.ImageProcessing.WPF.csproj", "{0888669C-6CD9-4D58-80B5-1992AD695E47}"
EndProject
Project("{FAE04EC0-301F-11D3-BF4B-00C04F79EFBC}") = "MoyskleyTech.ImageProcessing.SVG", "MoyskleyTech.ImageProcessing.SVG\MoyskleyTech.ImageProcessing.SVG.csproj", "{9F365135-F07D-489D-8741-3F8DFE6A94A9}"
EndProject
Project("{FAE04EC0-301F-11D3-BF4B-00C04F79EFBC}") = "ImageProcessing.PNGCodec", "ImageProcessing.PNGCodec\ImageProcessing.PNGCodec.csproj", "{154DD636-43AF-45E8-BF4F-D10F85298A4B}"
EndProject
Project("{FAE04EC0-301F-11D3-BF4B-00C04F79EFBC}") = "ICSharpCode.SharpZib.Portable", "SharpZipLib.Portable-master\src\ICSharpCode.SharpZib.Portable.csproj", "{74FF9E31-751B-4AA3-B441-175E3C17E037}"
EndProject
Project("{FAE04EC0-301F-11D3-BF4B-00C04F79EFBC}") = "ImageProcessing.JPEGCodec", "ImageProcessing.JPEGCodec\ImageProcessing.JPEGCodec.csproj", "{FDA798C4-70E1-4307-9782-68AEA66D2F53}"
EndProject
Project("{FAE04EC0-301F-11D3-BF4B-00C04F79EFBC}") = "ImageProcessing.TGACodec", "ImageProcessing.TGACodec\ImageProcessing.TGACodec.csproj", "{957BC93B-8DFF-4340-A2E1-0E83A775A680}"
EndProject
Project("{FAE04EC0-301F-11D3-BF4B-00C04F79EFBC}") = "MoyskleyTech.ImageProcessing.Drawing", "MoyskleyTech.ImageProcessing.WinForm\MoyskleyTech.ImageProcessing.Drawing.csproj", "{01290D87-C036-4970-8104-AF60BD17B214}"
EndProject
Project("{FAE04EC0-301F-11D3-BF4B-00C04F79EFBC}") = "MoyskleyTech.ImageProcessing.Recognition", "MoyskleyTech.ImageProcessing.Recognition\MoyskleyTech.ImageProcessing.Recognition.csproj", "{90227F02-4CA5-436D-9691-78518DCEC4DB}"
EndProject
Global
	GlobalSection(SolutionConfigurationPlatforms) = preSolution
		Debug|Any CPU = Debug|Any CPU
		Debug|Mixed Platforms = Debug|Mixed Platforms
		Debug|x64 = Debug|x64
		Debug|x86 = Debug|x86
		Release|Any CPU = Release|Any CPU
		Release|Mixed Platforms = Release|Mixed Platforms
		Release|x64 = Release|x64
		Release|x86 = Release|x86
	EndGlobalSection
	GlobalSection(ProjectConfigurationPlatforms) = postSolution
		{56487FBF-63EA-4D24-A0C1-49394223099C}.Debug|Any CPU.ActiveCfg = Debug|Any CPU
		{56487FBF-63EA-4D24-A0C1-49394223099C}.Debug|Mixed Platforms.ActiveCfg = Debug|x86
		{56487FBF-63EA-4D24-A0C1-49394223099C}.Debug|Mixed Platforms.Build.0 = Debug|x86
		{56487FBF-63EA-4D24-A0C1-49394223099C}.Debug|x64.ActiveCfg = Debug|x64
		{56487FBF-63EA-4D24-A0C1-49394223099C}.Debug|x64.Build.0 = Debug|x64
		{56487FBF-63EA-4D24-A0C1-49394223099C}.Debug|x86.ActiveCfg = Debug|x86
		{56487FBF-63EA-4D24-A0C1-49394223099C}.Debug|x86.Build.0 = Debug|x86
		{56487FBF-63EA-4D24-A0C1-49394223099C}.Release|Any CPU.ActiveCfg = Release|Any CPU
		{56487FBF-63EA-4D24-A0C1-49394223099C}.Release|Any CPU.Build.0 = Release|Any CPU
		{56487FBF-63EA-4D24-A0C1-49394223099C}.Release|Mixed Platforms.ActiveCfg = Release|x86
		{56487FBF-63EA-4D24-A0C1-49394223099C}.Release|Mixed Platforms.Build.0 = Release|x86
		{56487FBF-63EA-4D24-A0C1-49394223099C}.Release|x64.ActiveCfg = Release|x64
		{56487FBF-63EA-4D24-A0C1-49394223099C}.Release|x64.Build.0 = Release|x64
		{56487FBF-63EA-4D24-A0C1-49394223099C}.Release|x86.ActiveCfg = Release|x86
		{56487FBF-63EA-4D24-A0C1-49394223099C}.Release|x86.Build.0 = Release|x86
		{33C4FCDF-46CF-4C04-8529-EB7030394804}.Debug|Any CPU.ActiveCfg = Debug|Any CPU
		{33C4FCDF-46CF-4C04-8529-EB7030394804}.Debug|Any CPU.Build.0 = Debug|Any CPU
		{33C4FCDF-46CF-4C04-8529-EB7030394804}.Debug|Mixed Platforms.ActiveCfg = Debug|x86
		{33C4FCDF-46CF-4C04-8529-EB7030394804}.Debug|Mixed Platforms.Build.0 = Debug|x86
		{33C4FCDF-46CF-4C04-8529-EB7030394804}.Debug|x64.ActiveCfg = Debug|x64
		{33C4FCDF-46CF-4C04-8529-EB7030394804}.Debug|x64.Build.0 = Debug|x64
		{33C4FCDF-46CF-4C04-8529-EB7030394804}.Debug|x86.ActiveCfg = Debug|x86
		{33C4FCDF-46CF-4C04-8529-EB7030394804}.Debug|x86.Build.0 = Debug|x86
		{33C4FCDF-46CF-4C04-8529-EB7030394804}.Release|Any CPU.ActiveCfg = Release|Any CPU
		{33C4FCDF-46CF-4C04-8529-EB7030394804}.Release|Any CPU.Build.0 = Release|Any CPU
		{33C4FCDF-46CF-4C04-8529-EB7030394804}.Release|Mixed Platforms.ActiveCfg = Release|x86
		{33C4FCDF-46CF-4C04-8529-EB7030394804}.Release|Mixed Platforms.Build.0 = Release|x86
		{33C4FCDF-46CF-4C04-8529-EB7030394804}.Release|x64.ActiveCfg = Release|x64
		{33C4FCDF-46CF-4C04-8529-EB7030394804}.Release|x64.Build.0 = Release|x64
		{33C4FCDF-46CF-4C04-8529-EB7030394804}.Release|x86.ActiveCfg = Release|x86
		{33C4FCDF-46CF-4C04-8529-EB7030394804}.Release|x86.Build.0 = Release|x86
		{981ABED1-1C7A-49DE-9E98-565F5A2C7920}.Debug|Any CPU.ActiveCfg = Debug|Any CPU
		{981ABED1-1C7A-49DE-9E98-565F5A2C7920}.Debug|Any CPU.Build.0 = Debug|Any CPU
		{981ABED1-1C7A-49DE-9E98-565F5A2C7920}.Debug|Mixed Platforms.ActiveCfg = Debug|Any CPU
		{981ABED1-1C7A-49DE-9E98-565F5A2C7920}.Debug|Mixed Platforms.Build.0 = Debug|Any CPU
		{981ABED1-1C7A-49DE-9E98-565F5A2C7920}.Debug|x64.ActiveCfg = Debug|x64
		{981ABED1-1C7A-49DE-9E98-565F5A2C7920}.Debug|x64.Build.0 = Debug|x64
		{981ABED1-1C7A-49DE-9E98-565F5A2C7920}.Debug|x86.ActiveCfg = Debug|Any CPU
		{981ABED1-1C7A-49DE-9E98-565F5A2C7920}.Release|Any CPU.ActiveCfg = Release|Any CPU
		{981ABED1-1C7A-49DE-9E98-565F5A2C7920}.Release|Any CPU.Build.0 = Release|Any CPU
		{981ABED1-1C7A-49DE-9E98-565F5A2C7920}.Release|Mixed Platforms.ActiveCfg = Release|x86
		{981ABED1-1C7A-49DE-9E98-565F5A2C7920}.Release|Mixed Platforms.Build.0 = Release|x86
		{981ABED1-1C7A-49DE-9E98-565F5A2C7920}.Release|x64.ActiveCfg = Release|x64
		{981ABED1-1C7A-49DE-9E98-565F5A2C7920}.Release|x64.Build.0 = Release|x64
		{981ABED1-1C7A-49DE-9E98-565F5A2C7920}.Release|x86.ActiveCfg = Release|x86
		{981ABED1-1C7A-49DE-9E98-565F5A2C7920}.Release|x86.Build.0 = Release|x86
		{48DC94CD-49F7-42D2-A4BA-26435CBF0933}.Debug|Any CPU.ActiveCfg = Debug|Any CPU
		{48DC94CD-49F7-42D2-A4BA-26435CBF0933}.Debug|Any CPU.Build.0 = Debug|Any CPU
		{48DC94CD-49F7-42D2-A4BA-26435CBF0933}.Debug|Mixed Platforms.ActiveCfg = Debug|Any CPU
		{48DC94CD-49F7-42D2-A4BA-26435CBF0933}.Debug|Mixed Platforms.Build.0 = Debug|Any CPU
		{48DC94CD-49F7-42D2-A4BA-26435CBF0933}.Debug|x64.ActiveCfg = Debug|x64
		{48DC94CD-49F7-42D2-A4BA-26435CBF0933}.Debug|x64.Build.0 = Debug|x64
		{48DC94CD-49F7-42D2-A4BA-26435CBF0933}.Debug|x86.ActiveCfg = Debug|Any CPU
		{48DC94CD-49F7-42D2-A4BA-26435CBF0933}.Release|Any CPU.ActiveCfg = Release|Any CPU
		{48DC94CD-49F7-42D2-A4BA-26435CBF0933}.Release|Any CPU.Build.0 = Release|Any CPU
		{48DC94CD-49F7-42D2-A4BA-26435CBF0933}.Release|Mixed Platforms.ActiveCfg = Release|Any CPU
		{48DC94CD-49F7-42D2-A4BA-26435CBF0933}.Release|Mixed Platforms.Build.0 = Release|Any CPU
		{48DC94CD-49F7-42D2-A4BA-26435CBF0933}.Release|x64.ActiveCfg = Release|x64
		{48DC94CD-49F7-42D2-A4BA-26435CBF0933}.Release|x64.Build.0 = Release|x64
		{48DC94CD-49F7-42D2-A4BA-26435CBF0933}.Release|x86.ActiveCfg = Release|Any CPU
		{2C8478D7-77CC-4BC2-8909-CF0D2ECF2E0A}.Debug|Any CPU.ActiveCfg = Debug|Any CPU
		{2C8478D7-77CC-4BC2-8909-CF0D2ECF2E0A}.Debug|Any CPU.Build.0 = Debug|Any CPU
		{2C8478D7-77CC-4BC2-8909-CF0D2ECF2E0A}.Debug|Mixed Platforms.ActiveCfg = Debug|Any CPU
		{2C8478D7-77CC-4BC2-8909-CF0D2ECF2E0A}.Debug|Mixed Platforms.Build.0 = Debug|Any CPU
		{2C8478D7-77CC-4BC2-8909-CF0D2ECF2E0A}.Debug|x64.ActiveCfg = Debug|Any CPU
		{2C8478D7-77CC-4BC2-8909-CF0D2ECF2E0A}.Debug|x64.Build.0 = Debug|Any CPU
		{2C8478D7-77CC-4BC2-8909-CF0D2ECF2E0A}.Debug|x86.ActiveCfg = Debug|Any CPU
		{2C8478D7-77CC-4BC2-8909-CF0D2ECF2E0A}.Debug|x86.Build.0 = Debug|Any CPU
		{2C8478D7-77CC-4BC2-8909-CF0D2ECF2E0A}.Release|Any CPU.ActiveCfg = Release|Any CPU
		{2C8478D7-77CC-4BC2-8909-CF0D2ECF2E0A}.Release|Any CPU.Build.0 = Release|Any CPU
		{2C8478D7-77CC-4BC2-8909-CF0D2ECF2E0A}.Release|Mixed Platforms.ActiveCfg = Release|Any CPU
		{2C8478D7-77CC-4BC2-8909-CF0D2ECF2E0A}.Release|Mixed Platforms.Build.0 = Release|Any CPU
		{2C8478D7-77CC-4BC2-8909-CF0D2ECF2E0A}.Release|x64.ActiveCfg = Release|Any CPU
		{2C8478D7-77CC-4BC2-8909-CF0D2ECF2E0A}.Release|x64.Build.0 = Release|Any CPU
		{2C8478D7-77CC-4BC2-8909-CF0D2ECF2E0A}.Release|x86.ActiveCfg = Release|Any CPU
		{2C8478D7-77CC-4BC2-8909-CF0D2ECF2E0A}.Release|x86.Build.0 = Release|Any CPU
		{DB1E3F2B-B6FA-425A-A8C2-2A994303F05D}.Debug|Any CPU.ActiveCfg = Debug|Any CPU
		{DB1E3F2B-B6FA-425A-A8C2-2A994303F05D}.Debug|Any CPU.Build.0 = Debug|Any CPU
		{DB1E3F2B-B6FA-425A-A8C2-2A994303F05D}.Debug|Mixed Platforms.ActiveCfg = Debug|Any CPU
		{DB1E3F2B-B6FA-425A-A8C2-2A994303F05D}.Debug|Mixed Platforms.Build.0 = Debug|Any CPU
		{DB1E3F2B-B6FA-425A-A8C2-2A994303F05D}.Debug|x64.ActiveCfg = Debug|Any CPU
		{DB1E3F2B-B6FA-425A-A8C2-2A994303F05D}.Debug|x64.Build.0 = Debug|Any CPU
		{DB1E3F2B-B6FA-425A-A8C2-2A994303F05D}.Debug|x86.ActiveCfg = Debug|Any CPU
		{DB1E3F2B-B6FA-425A-A8C2-2A994303F05D}.Debug|x86.Build.0 = Debug|Any CPU
		{DB1E3F2B-B6FA-425A-A8C2-2A994303F05D}.Release|Any CPU.ActiveCfg = Release|Any CPU
		{DB1E3F2B-B6FA-425A-A8C2-2A994303F05D}.Release|Any CPU.Build.0 = Release|Any CPU
		{DB1E3F2B-B6FA-425A-A8C2-2A994303F05D}.Release|Mixed Platforms.ActiveCfg = Release|Any CPU
		{DB1E3F2B-B6FA-425A-A8C2-2A994303F05D}.Release|Mixed Platforms.Build.0 = Release|Any CPU
		{DB1E3F2B-B6FA-425A-A8C2-2A994303F05D}.Release|x64.ActiveCfg = Release|Any CPU
		{DB1E3F2B-B6FA-425A-A8C2-2A994303F05D}.Release|x64.Build.0 = Release|Any CPU
		{DB1E3F2B-B6FA-425A-A8C2-2A994303F05D}.Release|x86.ActiveCfg = Release|Any CPU
		{DB1E3F2B-B6FA-425A-A8C2-2A994303F05D}.Release|x86.Build.0 = Release|Any CPU
		{87A8AD77-E2A3-496E-9482-7E3EA2EC6CB0}.Debug|Any CPU.ActiveCfg = Debug|Any CPU
		{87A8AD77-E2A3-496E-9482-7E3EA2EC6CB0}.Debug|Any CPU.Build.0 = Debug|Any CPU
		{87A8AD77-E2A3-496E-9482-7E3EA2EC6CB0}.Debug|Any CPU.Deploy.0 = Debug|Any CPU
		{87A8AD77-E2A3-496E-9482-7E3EA2EC6CB0}.Debug|Mixed Platforms.ActiveCfg = Debug|Any CPU
		{87A8AD77-E2A3-496E-9482-7E3EA2EC6CB0}.Debug|Mixed Platforms.Build.0 = Debug|Any CPU
		{87A8AD77-E2A3-496E-9482-7E3EA2EC6CB0}.Debug|Mixed Platforms.Deploy.0 = Debug|Any CPU
		{87A8AD77-E2A3-496E-9482-7E3EA2EC6CB0}.Debug|x64.ActiveCfg = Debug|Any CPU
		{87A8AD77-E2A3-496E-9482-7E3EA2EC6CB0}.Debug|x64.Build.0 = Debug|Any CPU
		{87A8AD77-E2A3-496E-9482-7E3EA2EC6CB0}.Debug|x64.Deploy.0 = Debug|Any CPU
		{87A8AD77-E2A3-496E-9482-7E3EA2EC6CB0}.Debug|x86.ActiveCfg = Debug|Any CPU
		{87A8AD77-E2A3-496E-9482-7E3EA2EC6CB0}.Debug|x86.Build.0 = Debug|Any CPU
		{87A8AD77-E2A3-496E-9482-7E3EA2EC6CB0}.Debug|x86.Deploy.0 = Debug|Any CPU
		{87A8AD77-E2A3-496E-9482-7E3EA2EC6CB0}.Release|Any CPU.ActiveCfg = Release|Any CPU
		{87A8AD77-E2A3-496E-9482-7E3EA2EC6CB0}.Release|Any CPU.Build.0 = Release|Any CPU
		{87A8AD77-E2A3-496E-9482-7E3EA2EC6CB0}.Release|Any CPU.Deploy.0 = Release|Any CPU
		{87A8AD77-E2A3-496E-9482-7E3EA2EC6CB0}.Release|Mixed Platforms.ActiveCfg = Release|Any CPU
		{87A8AD77-E2A3-496E-9482-7E3EA2EC6CB0}.Release|Mixed Platforms.Build.0 = Release|Any CPU
		{87A8AD77-E2A3-496E-9482-7E3EA2EC6CB0}.Release|Mixed Platforms.Deploy.0 = Release|Any CPU
		{87A8AD77-E2A3-496E-9482-7E3EA2EC6CB0}.Release|x64.ActiveCfg = Release|Any CPU
		{87A8AD77-E2A3-496E-9482-7E3EA2EC6CB0}.Release|x64.Build.0 = Release|Any CPU
		{87A8AD77-E2A3-496E-9482-7E3EA2EC6CB0}.Release|x64.Deploy.0 = Release|Any CPU
		{87A8AD77-E2A3-496E-9482-7E3EA2EC6CB0}.Release|x86.ActiveCfg = Release|Any CPU
		{87A8AD77-E2A3-496E-9482-7E3EA2EC6CB0}.Release|x86.Build.0 = Release|Any CPU
		{87A8AD77-E2A3-496E-9482-7E3EA2EC6CB0}.Release|x86.Deploy.0 = Release|Any CPU
		{284D0B6E-A0DA-4B1F-A203-2E7C62D96FB5}.Debug|Any CPU.ActiveCfg = Debug|Any CPU
		{284D0B6E-A0DA-4B1F-A203-2E7C62D96FB5}.Debug|Any CPU.Build.0 = Debug|Any CPU
		{284D0B6E-A0DA-4B1F-A203-2E7C62D96FB5}.Debug|Mixed Platforms.ActiveCfg = Debug|Any CPU
		{284D0B6E-A0DA-4B1F-A203-2E7C62D96FB5}.Debug|Mixed Platforms.Build.0 = Debug|Any CPU
		{284D0B6E-A0DA-4B1F-A203-2E7C62D96FB5}.Debug|x64.ActiveCfg = Debug|Any CPU
		{284D0B6E-A0DA-4B1F-A203-2E7C62D96FB5}.Debug|x64.Build.0 = Debug|Any CPU
		{284D0B6E-A0DA-4B1F-A203-2E7C62D96FB5}.Debug|x86.ActiveCfg = Debug|Any CPU
		{284D0B6E-A0DA-4B1F-A203-2E7C62D96FB5}.Debug|x86.Build.0 = Debug|Any CPU
		{284D0B6E-A0DA-4B1F-A203-2E7C62D96FB5}.Release|Any CPU.ActiveCfg = Release|Any CPU
		{284D0B6E-A0DA-4B1F-A203-2E7C62D96FB5}.Release|Any CPU.Build.0 = Release|Any CPU
		{284D0B6E-A0DA-4B1F-A203-2E7C62D96FB5}.Release|Mixed Platforms.ActiveCfg = Release|Any CPU
		{284D0B6E-A0DA-4B1F-A203-2E7C62D96FB5}.Release|Mixed Platforms.Build.0 = Release|Any CPU
		{284D0B6E-A0DA-4B1F-A203-2E7C62D96FB5}.Release|x64.ActiveCfg = Release|Any CPU
		{284D0B6E-A0DA-4B1F-A203-2E7C62D96FB5}.Release|x64.Build.0 = Release|Any CPU
		{284D0B6E-A0DA-4B1F-A203-2E7C62D96FB5}.Release|x86.ActiveCfg = Release|Any CPU
		{284D0B6E-A0DA-4B1F-A203-2E7C62D96FB5}.Release|x86.Build.0 = Release|Any CPU
		{4B55F844-2982-4511-9B7D-EBE53CC2DE57}.Debug|Any CPU.ActiveCfg = Debug|Any CPU
		{4B55F844-2982-4511-9B7D-EBE53CC2DE57}.Debug|Any CPU.Build.0 = Debug|Any CPU
		{4B55F844-2982-4511-9B7D-EBE53CC2DE57}.Debug|Any CPU.Deploy.0 = Debug|Any CPU
		{4B55F844-2982-4511-9B7D-EBE53CC2DE57}.Debug|Mixed Platforms.ActiveCfg = Debug|Any CPU
		{4B55F844-2982-4511-9B7D-EBE53CC2DE57}.Debug|Mixed Platforms.Build.0 = Debug|Any CPU
		{4B55F844-2982-4511-9B7D-EBE53CC2DE57}.Debug|Mixed Platforms.Deploy.0 = Debug|Any CPU
		{4B55F844-2982-4511-9B7D-EBE53CC2DE57}.Debug|x64.ActiveCfg = Debug|Any CPU
		{4B55F844-2982-4511-9B7D-EBE53CC2DE57}.Debug|x64.Build.0 = Debug|Any CPU
		{4B55F844-2982-4511-9B7D-EBE53CC2DE57}.Debug|x64.Deploy.0 = Debug|Any CPU
		{4B55F844-2982-4511-9B7D-EBE53CC2DE57}.Debug|x86.ActiveCfg = Debug|Any CPU
		{4B55F844-2982-4511-9B7D-EBE53CC2DE57}.Debug|x86.Build.0 = Debug|Any CPU
		{4B55F844-2982-4511-9B7D-EBE53CC2DE57}.Debug|x86.Deploy.0 = Debug|Any CPU
		{4B55F844-2982-4511-9B7D-EBE53CC2DE57}.Release|Any CPU.ActiveCfg = Release|Any CPU
		{4B55F844-2982-4511-9B7D-EBE53CC2DE57}.Release|Any CPU.Build.0 = Release|Any CPU
		{4B55F844-2982-4511-9B7D-EBE53CC2DE57}.Release|Any CPU.Deploy.0 = Release|Any CPU
		{4B55F844-2982-4511-9B7D-EBE53CC2DE57}.Release|Mixed Platforms.ActiveCfg = Release|Any CPU
		{4B55F844-2982-4511-9B7D-EBE53CC2DE57}.Release|Mixed Platforms.Build.0 = Release|Any CPU
		{4B55F844-2982-4511-9B7D-EBE53CC2DE57}.Release|Mixed Platforms.Deploy.0 = Release|Any CPU
		{4B55F844-2982-4511-9B7D-EBE53CC2DE57}.Release|x64.ActiveCfg = Release|Any CPU
		{4B55F844-2982-4511-9B7D-EBE53CC2DE57}.Release|x64.Build.0 = Release|Any CPU
		{4B55F844-2982-4511-9B7D-EBE53CC2DE57}.Release|x64.Deploy.0 = Release|Any CPU
		{4B55F844-2982-4511-9B7D-EBE53CC2DE57}.Release|x86.ActiveCfg = Release|Any CPU
		{4B55F844-2982-4511-9B7D-EBE53CC2DE57}.Release|x86.Build.0 = Release|Any CPU
		{4B55F844-2982-4511-9B7D-EBE53CC2DE57}.Release|x86.Deploy.0 = Release|Any CPU
		{DA0D0863-DF5C-4578-8D0D-46E4BDB7982A}.Debug|Any CPU.ActiveCfg = Debug|Any CPU
		{DA0D0863-DF5C-4578-8D0D-46E4BDB7982A}.Debug|Any CPU.Build.0 = Debug|Any CPU
		{DA0D0863-DF5C-4578-8D0D-46E4BDB7982A}.Debug|Mixed Platforms.ActiveCfg = Debug|Any CPU
		{DA0D0863-DF5C-4578-8D0D-46E4BDB7982A}.Debug|Mixed Platforms.Build.0 = Debug|Any CPU
		{DA0D0863-DF5C-4578-8D0D-46E4BDB7982A}.Debug|x64.ActiveCfg = Debug|Any CPU
		{DA0D0863-DF5C-4578-8D0D-46E4BDB7982A}.Debug|x64.Build.0 = Debug|Any CPU
		{DA0D0863-DF5C-4578-8D0D-46E4BDB7982A}.Debug|x86.ActiveCfg = Debug|Any CPU
		{DA0D0863-DF5C-4578-8D0D-46E4BDB7982A}.Debug|x86.Build.0 = Debug|Any CPU
		{DA0D0863-DF5C-4578-8D0D-46E4BDB7982A}.Release|Any CPU.ActiveCfg = Release|Any CPU
		{DA0D0863-DF5C-4578-8D0D-46E4BDB7982A}.Release|Any CPU.Build.0 = Release|Any CPU
		{DA0D0863-DF5C-4578-8D0D-46E4BDB7982A}.Release|Mixed Platforms.ActiveCfg = Release|Any CPU
		{DA0D0863-DF5C-4578-8D0D-46E4BDB7982A}.Release|Mixed Platforms.Build.0 = Release|Any CPU
		{DA0D0863-DF5C-4578-8D0D-46E4BDB7982A}.Release|x64.ActiveCfg = Release|Any CPU
		{DA0D0863-DF5C-4578-8D0D-46E4BDB7982A}.Release|x64.Build.0 = Release|Any CPU
		{DA0D0863-DF5C-4578-8D0D-46E4BDB7982A}.Release|x86.ActiveCfg = Release|Any CPU
		{DA0D0863-DF5C-4578-8D0D-46E4BDB7982A}.Release|x86.Build.0 = Release|Any CPU
		{567EFF4D-72CC-4849-B70C-50A1699882FF}.Debug|Any CPU.ActiveCfg = Debug|Any CPU
		{567EFF4D-72CC-4849-B70C-50A1699882FF}.Debug|Any CPU.Build.0 = Debug|Any CPU
		{567EFF4D-72CC-4849-B70C-50A1699882FF}.Debug|Mixed Platforms.ActiveCfg = Debug|Any CPU
		{567EFF4D-72CC-4849-B70C-50A1699882FF}.Debug|Mixed Platforms.Build.0 = Debug|Any CPU
		{567EFF4D-72CC-4849-B70C-50A1699882FF}.Debug|x64.ActiveCfg = Debug|Any CPU
		{567EFF4D-72CC-4849-B70C-50A1699882FF}.Debug|x64.Build.0 = Debug|Any CPU
		{567EFF4D-72CC-4849-B70C-50A1699882FF}.Debug|x86.ActiveCfg = Debug|Any CPU
		{567EFF4D-72CC-4849-B70C-50A1699882FF}.Debug|x86.Build.0 = Debug|Any CPU
		{567EFF4D-72CC-4849-B70C-50A1699882FF}.Release|Any CPU.ActiveCfg = Release|Any CPU
		{567EFF4D-72CC-4849-B70C-50A1699882FF}.Release|Any CPU.Build.0 = Release|Any CPU
		{567EFF4D-72CC-4849-B70C-50A1699882FF}.Release|Mixed Platforms.ActiveCfg = Release|Any CPU
		{567EFF4D-72CC-4849-B70C-50A1699882FF}.Release|Mixed Platforms.Build.0 = Release|Any CPU
		{567EFF4D-72CC-4849-B70C-50A1699882FF}.Release|x64.ActiveCfg = Release|Any CPU
		{567EFF4D-72CC-4849-B70C-50A1699882FF}.Release|x64.Build.0 = Release|Any CPU
		{567EFF4D-72CC-4849-B70C-50A1699882FF}.Release|x86.ActiveCfg = Release|Any CPU
		{567EFF4D-72CC-4849-B70C-50A1699882FF}.Release|x86.Build.0 = Release|Any CPU
		{42253AD5-FCF7-4E9E-9EE9-FCFD4E1E2CD7}.Debug|Any CPU.ActiveCfg = Debug|Any CPU
		{42253AD5-FCF7-4E9E-9EE9-FCFD4E1E2CD7}.Debug|Any CPU.Build.0 = Debug|Any CPU
		{42253AD5-FCF7-4E9E-9EE9-FCFD4E1E2CD7}.Debug|Mixed Platforms.ActiveCfg = Debug|Any CPU
		{42253AD5-FCF7-4E9E-9EE9-FCFD4E1E2CD7}.Debug|Mixed Platforms.Build.0 = Debug|Any CPU
		{42253AD5-FCF7-4E9E-9EE9-FCFD4E1E2CD7}.Debug|x64.ActiveCfg = Debug|Any CPU
		{42253AD5-FCF7-4E9E-9EE9-FCFD4E1E2CD7}.Debug|x64.Build.0 = Debug|Any CPU
		{42253AD5-FCF7-4E9E-9EE9-FCFD4E1E2CD7}.Debug|x86.ActiveCfg = Debug|Any CPU
		{42253AD5-FCF7-4E9E-9EE9-FCFD4E1E2CD7}.Debug|x86.Build.0 = Debug|Any CPU
		{42253AD5-FCF7-4E9E-9EE9-FCFD4E1E2CD7}.Release|Any CPU.ActiveCfg = Release|Any CPU
		{42253AD5-FCF7-4E9E-9EE9-FCFD4E1E2CD7}.Release|Any CPU.Build.0 = Release|Any CPU
		{42253AD5-FCF7-4E9E-9EE9-FCFD4E1E2CD7}.Release|Mixed Platforms.ActiveCfg = Release|Any CPU
		{42253AD5-FCF7-4E9E-9EE9-FCFD4E1E2CD7}.Release|Mixed Platforms.Build.0 = Release|Any CPU
		{42253AD5-FCF7-4E9E-9EE9-FCFD4E1E2CD7}.Release|x64.ActiveCfg = Release|Any CPU
		{42253AD5-FCF7-4E9E-9EE9-FCFD4E1E2CD7}.Release|x64.Build.0 = Release|Any CPU
		{42253AD5-FCF7-4E9E-9EE9-FCFD4E1E2CD7}.Release|x86.ActiveCfg = Release|Any CPU
		{42253AD5-FCF7-4E9E-9EE9-FCFD4E1E2CD7}.Release|x86.Build.0 = Release|Any CPU
		{6A3DBB52-B853-4B96-AA2A-E8259C8737CA}.Debug|Any CPU.ActiveCfg = Debug|Any CPU
		{6A3DBB52-B853-4B96-AA2A-E8259C8737CA}.Debug|Any CPU.Build.0 = Debug|Any CPU
		{6A3DBB52-B853-4B96-AA2A-E8259C8737CA}.Debug|Mixed Platforms.ActiveCfg = Debug|Any CPU
		{6A3DBB52-B853-4B96-AA2A-E8259C8737CA}.Debug|Mixed Platforms.Build.0 = Debug|Any CPU
		{6A3DBB52-B853-4B96-AA2A-E8259C8737CA}.Debug|x64.ActiveCfg = Debug|Any CPU
		{6A3DBB52-B853-4B96-AA2A-E8259C8737CA}.Debug|x64.Build.0 = Debug|Any CPU
		{6A3DBB52-B853-4B96-AA2A-E8259C8737CA}.Debug|x86.ActiveCfg = Debug|Any CPU
		{6A3DBB52-B853-4B96-AA2A-E8259C8737CA}.Debug|x86.Build.0 = Debug|Any CPU
		{6A3DBB52-B853-4B96-AA2A-E8259C8737CA}.Release|Any CPU.ActiveCfg = Release|Any CPU
		{6A3DBB52-B853-4B96-AA2A-E8259C8737CA}.Release|Any CPU.Build.0 = Release|Any CPU
		{6A3DBB52-B853-4B96-AA2A-E8259C8737CA}.Release|Mixed Platforms.ActiveCfg = Release|Any CPU
		{6A3DBB52-B853-4B96-AA2A-E8259C8737CA}.Release|Mixed Platforms.Build.0 = Release|Any CPU
		{6A3DBB52-B853-4B96-AA2A-E8259C8737CA}.Release|x64.ActiveCfg = Release|Any CPU
		{6A3DBB52-B853-4B96-AA2A-E8259C8737CA}.Release|x64.Build.0 = Release|Any CPU
		{6A3DBB52-B853-4B96-AA2A-E8259C8737CA}.Release|x86.ActiveCfg = Release|Any CPU
		{6A3DBB52-B853-4B96-AA2A-E8259C8737CA}.Release|x86.Build.0 = Release|Any CPU
		{F96E631D-913C-4C31-99B8-CCC8D5BA041C}.Debug|Any CPU.ActiveCfg = Debug|Any CPU
		{F96E631D-913C-4C31-99B8-CCC8D5BA041C}.Debug|Any CPU.Build.0 = Debug|Any CPU
		{F96E631D-913C-4C31-99B8-CCC8D5BA041C}.Debug|Mixed Platforms.ActiveCfg = Debug|Any CPU
		{F96E631D-913C-4C31-99B8-CCC8D5BA041C}.Debug|Mixed Platforms.Build.0 = Debug|Any CPU
		{F96E631D-913C-4C31-99B8-CCC8D5BA041C}.Debug|x64.ActiveCfg = Debug|Any CPU
		{F96E631D-913C-4C31-99B8-CCC8D5BA041C}.Debug|x64.Build.0 = Debug|Any CPU
		{F96E631D-913C-4C31-99B8-CCC8D5BA041C}.Debug|x86.ActiveCfg = Debug|Any CPU
		{F96E631D-913C-4C31-99B8-CCC8D5BA041C}.Debug|x86.Build.0 = Debug|Any CPU
		{F96E631D-913C-4C31-99B8-CCC8D5BA041C}.Release|Any CPU.ActiveCfg = Release|Any CPU
		{F96E631D-913C-4C31-99B8-CCC8D5BA041C}.Release|Any CPU.Build.0 = Release|Any CPU
		{F96E631D-913C-4C31-99B8-CCC8D5BA041C}.Release|Mixed Platforms.ActiveCfg = Release|Any CPU
		{F96E631D-913C-4C31-99B8-CCC8D5BA041C}.Release|Mixed Platforms.Build.0 = Release|Any CPU
		{F96E631D-913C-4C31-99B8-CCC8D5BA041C}.Release|x64.ActiveCfg = Release|Any CPU
		{F96E631D-913C-4C31-99B8-CCC8D5BA041C}.Release|x64.Build.0 = Release|Any CPU
		{F96E631D-913C-4C31-99B8-CCC8D5BA041C}.Release|x86.ActiveCfg = Release|Any CPU
		{F96E631D-913C-4C31-99B8-CCC8D5BA041C}.Release|x86.Build.0 = Release|Any CPU
		{FF2821E6-C5FB-48F7-8A55-81FF7053EE14}.Debug|Any CPU.ActiveCfg = Debug|Any CPU
		{FF2821E6-C5FB-48F7-8A55-81FF7053EE14}.Debug|Any CPU.Build.0 = Debug|Any CPU
		{FF2821E6-C5FB-48F7-8A55-81FF7053EE14}.Debug|Mixed Platforms.ActiveCfg = Debug|Any CPU
		{FF2821E6-C5FB-48F7-8A55-81FF7053EE14}.Debug|Mixed Platforms.Build.0 = Debug|Any CPU
		{FF2821E6-C5FB-48F7-8A55-81FF7053EE14}.Debug|x64.ActiveCfg = Debug|Any CPU
		{FF2821E6-C5FB-48F7-8A55-81FF7053EE14}.Debug|x64.Build.0 = Debug|Any CPU
		{FF2821E6-C5FB-48F7-8A55-81FF7053EE14}.Debug|x86.ActiveCfg = Debug|Any CPU
		{FF2821E6-C5FB-48F7-8A55-81FF7053EE14}.Debug|x86.Build.0 = Debug|Any CPU
		{FF2821E6-C5FB-48F7-8A55-81FF7053EE14}.Release|Any CPU.ActiveCfg = Release|Any CPU
		{FF2821E6-C5FB-48F7-8A55-81FF7053EE14}.Release|Any CPU.Build.0 = Release|Any CPU
		{FF2821E6-C5FB-48F7-8A55-81FF7053EE14}.Release|Mixed Platforms.ActiveCfg = Release|Any CPU
		{FF2821E6-C5FB-48F7-8A55-81FF7053EE14}.Release|Mixed Platforms.Build.0 = Release|Any CPU
		{FF2821E6-C5FB-48F7-8A55-81FF7053EE14}.Release|x64.ActiveCfg = Release|Any CPU
		{FF2821E6-C5FB-48F7-8A55-81FF7053EE14}.Release|x64.Build.0 = Release|Any CPU
		{FF2821E6-C5FB-48F7-8A55-81FF7053EE14}.Release|x86.ActiveCfg = Release|Any CPU
		{FF2821E6-C5FB-48F7-8A55-81FF7053EE14}.Release|x86.Build.0 = Release|Any CPU
		{579A8CA8-83DE-4A26-BE70-ECEAD1F78DDC}.Debug|Any CPU.ActiveCfg = Debug|Any CPU
		{579A8CA8-83DE-4A26-BE70-ECEAD1F78DDC}.Debug|Any CPU.Build.0 = Debug|Any CPU
		{579A8CA8-83DE-4A26-BE70-ECEAD1F78DDC}.Debug|Mixed Platforms.ActiveCfg = Debug|Any CPU
		{579A8CA8-83DE-4A26-BE70-ECEAD1F78DDC}.Debug|Mixed Platforms.Build.0 = Debug|Any CPU
		{579A8CA8-83DE-4A26-BE70-ECEAD1F78DDC}.Debug|x64.ActiveCfg = Debug|Any CPU
		{579A8CA8-83DE-4A26-BE70-ECEAD1F78DDC}.Debug|x64.Build.0 = Debug|Any CPU
		{579A8CA8-83DE-4A26-BE70-ECEAD1F78DDC}.Debug|x86.ActiveCfg = Debug|Any CPU
		{579A8CA8-83DE-4A26-BE70-ECEAD1F78DDC}.Debug|x86.Build.0 = Debug|Any CPU
		{579A8CA8-83DE-4A26-BE70-ECEAD1F78DDC}.Release|Any CPU.ActiveCfg = Release|Any CPU
		{579A8CA8-83DE-4A26-BE70-ECEAD1F78DDC}.Release|Any CPU.Build.0 = Release|Any CPU
		{579A8CA8-83DE-4A26-BE70-ECEAD1F78DDC}.Release|Mixed Platforms.ActiveCfg = Release|Any CPU
		{579A8CA8-83DE-4A26-BE70-ECEAD1F78DDC}.Release|Mixed Platforms.Build.0 = Release|Any CPU
		{579A8CA8-83DE-4A26-BE70-ECEAD1F78DDC}.Release|x64.ActiveCfg = Release|Any CPU
		{579A8CA8-83DE-4A26-BE70-ECEAD1F78DDC}.Release|x64.Build.0 = Release|Any CPU
		{579A8CA8-83DE-4A26-BE70-ECEAD1F78DDC}.Release|x86.ActiveCfg = Release|Any CPU
		{579A8CA8-83DE-4A26-BE70-ECEAD1F78DDC}.Release|x86.Build.0 = Release|Any CPU
		{0888669C-6CD9-4D58-80B5-1992AD695E47}.Debug|Any CPU.ActiveCfg = Debug|Any CPU
		{0888669C-6CD9-4D58-80B5-1992AD695E47}.Debug|Any CPU.Build.0 = Debug|Any CPU
		{0888669C-6CD9-4D58-80B5-1992AD695E47}.Debug|Mixed Platforms.ActiveCfg = Debug|Any CPU
		{0888669C-6CD9-4D58-80B5-1992AD695E47}.Debug|Mixed Platforms.Build.0 = Debug|Any CPU
		{0888669C-6CD9-4D58-80B5-1992AD695E47}.Debug|x64.ActiveCfg = Debug|Any CPU
		{0888669C-6CD9-4D58-80B5-1992AD695E47}.Debug|x64.Build.0 = Debug|Any CPU
		{0888669C-6CD9-4D58-80B5-1992AD695E47}.Debug|x86.ActiveCfg = Debug|Any CPU
		{0888669C-6CD9-4D58-80B5-1992AD695E47}.Debug|x86.Build.0 = Debug|Any CPU
		{0888669C-6CD9-4D58-80B5-1992AD695E47}.Release|Any CPU.ActiveCfg = Release|Any CPU
		{0888669C-6CD9-4D58-80B5-1992AD695E47}.Release|Any CPU.Build.0 = Release|Any CPU
		{0888669C-6CD9-4D58-80B5-1992AD695E47}.Release|Mixed Platforms.ActiveCfg = Release|Any CPU
		{0888669C-6CD9-4D58-80B5-1992AD695E47}.Release|Mixed Platforms.Build.0 = Release|Any CPU
		{0888669C-6CD9-4D58-80B5-1992AD695E47}.Release|x64.ActiveCfg = Release|Any CPU
		{0888669C-6CD9-4D58-80B5-1992AD695E47}.Release|x64.Build.0 = Release|Any CPU
		{0888669C-6CD9-4D58-80B5-1992AD695E47}.Release|x86.ActiveCfg = Release|Any CPU
		{0888669C-6CD9-4D58-80B5-1992AD695E47}.Release|x86.Build.0 = Release|Any CPU
		{3FA4BF24-A4A1-4C7B-A971-4ED638BA0253}.Debug|Any CPU.ActiveCfg = Debug|Any CPU
		{3FA4BF24-A4A1-4C7B-A971-4ED638BA0253}.Debug|Any CPU.Build.0 = Debug|Any CPU
		{3FA4BF24-A4A1-4C7B-A971-4ED638BA0253}.Debug|Mixed Platforms.ActiveCfg = Debug|Any CPU
		{3FA4BF24-A4A1-4C7B-A971-4ED638BA0253}.Debug|Mixed Platforms.Build.0 = Debug|Any CPU
		{3FA4BF24-A4A1-4C7B-A971-4ED638BA0253}.Debug|x64.ActiveCfg = Debug|Any CPU
		{3FA4BF24-A4A1-4C7B-A971-4ED638BA0253}.Debug|x64.Build.0 = Debug|Any CPU
		{3FA4BF24-A4A1-4C7B-A971-4ED638BA0253}.Debug|x86.ActiveCfg = Debug|Any CPU
		{3FA4BF24-A4A1-4C7B-A971-4ED638BA0253}.Debug|x86.Build.0 = Debug|Any CPU
		{3FA4BF24-A4A1-4C7B-A971-4ED638BA0253}.Release|Any CPU.ActiveCfg = Release|Any CPU
		{3FA4BF24-A4A1-4C7B-A971-4ED638BA0253}.Release|Any CPU.Build.0 = Release|Any CPU
		{3FA4BF24-A4A1-4C7B-A971-4ED638BA0253}.Release|Mixed Platforms.ActiveCfg = Release|Any CPU
		{3FA4BF24-A4A1-4C7B-A971-4ED638BA0253}.Release|Mixed Platforms.Build.0 = Release|Any CPU
		{3FA4BF24-A4A1-4C7B-A971-4ED638BA0253}.Release|x64.ActiveCfg = Release|Any CPU
		{3FA4BF24-A4A1-4C7B-A971-4ED638BA0253}.Release|x64.Build.0 = Release|Any CPU
		{3FA4BF24-A4A1-4C7B-A971-4ED638BA0253}.Release|x86.ActiveCfg = Release|Any CPU
		{3FA4BF24-A4A1-4C7B-A971-4ED638BA0253}.Release|x86.Build.0 = Release|Any CPU
		{9F365135-F07D-489D-8741-3F8DFE6A94A9}.Debug|Any CPU.ActiveCfg = Debug|Any CPU
		{9F365135-F07D-489D-8741-3F8DFE6A94A9}.Debug|Any CPU.Build.0 = Debug|Any CPU
		{9F365135-F07D-489D-8741-3F8DFE6A94A9}.Debug|Mixed Platforms.ActiveCfg = Debug|Any CPU
		{9F365135-F07D-489D-8741-3F8DFE6A94A9}.Debug|Mixed Platforms.Build.0 = Debug|Any CPU
		{9F365135-F07D-489D-8741-3F8DFE6A94A9}.Debug|x64.ActiveCfg = Debug|Any CPU
		{9F365135-F07D-489D-8741-3F8DFE6A94A9}.Debug|x64.Build.0 = Debug|Any CPU
		{9F365135-F07D-489D-8741-3F8DFE6A94A9}.Debug|x86.ActiveCfg = Debug|Any CPU
		{9F365135-F07D-489D-8741-3F8DFE6A94A9}.Debug|x86.Build.0 = Debug|Any CPU
		{9F365135-F07D-489D-8741-3F8DFE6A94A9}.Release|Any CPU.ActiveCfg = Release|Any CPU
		{9F365135-F07D-489D-8741-3F8DFE6A94A9}.Release|Any CPU.Build.0 = Release|Any CPU
		{9F365135-F07D-489D-8741-3F8DFE6A94A9}.Release|Mixed Platforms.ActiveCfg = Release|Any CPU
		{9F365135-F07D-489D-8741-3F8DFE6A94A9}.Release|Mixed Platforms.Build.0 = Release|Any CPU
		{9F365135-F07D-489D-8741-3F8DFE6A94A9}.Release|x64.ActiveCfg = Release|Any CPU
		{9F365135-F07D-489D-8741-3F8DFE6A94A9}.Release|x64.Build.0 = Release|Any CPU
		{9F365135-F07D-489D-8741-3F8DFE6A94A9}.Release|x86.ActiveCfg = Release|Any CPU
		{9F365135-F07D-489D-8741-3F8DFE6A94A9}.Release|x86.Build.0 = Release|Any CPU
		{154DD636-43AF-45E8-BF4F-D10F85298A4B}.Debug|Any CPU.ActiveCfg = Debug|Any CPU
		{154DD636-43AF-45E8-BF4F-D10F85298A4B}.Debug|Any CPU.Build.0 = Debug|Any CPU
		{154DD636-43AF-45E8-BF4F-D10F85298A4B}.Debug|Mixed Platforms.ActiveCfg = Debug|Any CPU
		{154DD636-43AF-45E8-BF4F-D10F85298A4B}.Debug|Mixed Platforms.Build.0 = Debug|Any CPU
		{154DD636-43AF-45E8-BF4F-D10F85298A4B}.Debug|x64.ActiveCfg = Debug|Any CPU
		{154DD636-43AF-45E8-BF4F-D10F85298A4B}.Debug|x64.Build.0 = Debug|Any CPU
		{154DD636-43AF-45E8-BF4F-D10F85298A4B}.Debug|x86.ActiveCfg = Debug|Any CPU
		{154DD636-43AF-45E8-BF4F-D10F85298A4B}.Debug|x86.Build.0 = Debug|Any CPU
		{154DD636-43AF-45E8-BF4F-D10F85298A4B}.Release|Any CPU.ActiveCfg = Release|Any CPU
		{154DD636-43AF-45E8-BF4F-D10F85298A4B}.Release|Any CPU.Build.0 = Release|Any CPU
		{154DD636-43AF-45E8-BF4F-D10F85298A4B}.Release|Mixed Platforms.ActiveCfg = Release|Any CPU
		{154DD636-43AF-45E8-BF4F-D10F85298A4B}.Release|Mixed Platforms.Build.0 = Release|Any CPU
		{154DD636-43AF-45E8-BF4F-D10F85298A4B}.Release|x64.ActiveCfg = Release|Any CPU
		{154DD636-43AF-45E8-BF4F-D10F85298A4B}.Release|x64.Build.0 = Release|Any CPU
		{154DD636-43AF-45E8-BF4F-D10F85298A4B}.Release|x86.ActiveCfg = Release|Any CPU
		{154DD636-43AF-45E8-BF4F-D10F85298A4B}.Release|x86.Build.0 = Release|Any CPU
		{74FF9E31-751B-4AA3-B441-175E3C17E037}.Debug|Any CPU.ActiveCfg = Debug|Any CPU
		{74FF9E31-751B-4AA3-B441-175E3C17E037}.Debug|Any CPU.Build.0 = Debug|Any CPU
		{74FF9E31-751B-4AA3-B441-175E3C17E037}.Debug|Mixed Platforms.ActiveCfg = Debug|Any CPU
		{74FF9E31-751B-4AA3-B441-175E3C17E037}.Debug|Mixed Platforms.Build.0 = Debug|Any CPU
		{74FF9E31-751B-4AA3-B441-175E3C17E037}.Debug|x64.ActiveCfg = Debug|Any CPU
		{74FF9E31-751B-4AA3-B441-175E3C17E037}.Debug|x64.Build.0 = Debug|Any CPU
		{74FF9E31-751B-4AA3-B441-175E3C17E037}.Debug|x86.ActiveCfg = Debug|Any CPU
		{74FF9E31-751B-4AA3-B441-175E3C17E037}.Debug|x86.Build.0 = Debug|Any CPU
		{74FF9E31-751B-4AA3-B441-175E3C17E037}.Release|Any CPU.ActiveCfg = Release|Any CPU
		{74FF9E31-751B-4AA3-B441-175E3C17E037}.Release|Any CPU.Build.0 = Release|Any CPU
		{74FF9E31-751B-4AA3-B441-175E3C17E037}.Release|Mixed Platforms.ActiveCfg = Release|Any CPU
		{74FF9E31-751B-4AA3-B441-175E3C17E037}.Release|Mixed Platforms.Build.0 = Release|Any CPU
		{74FF9E31-751B-4AA3-B441-175E3C17E037}.Release|x64.ActiveCfg = Release|Any CPU
		{74FF9E31-751B-4AA3-B441-175E3C17E037}.Release|x64.Build.0 = Release|Any CPU
		{74FF9E31-751B-4AA3-B441-175E3C17E037}.Release|x86.ActiveCfg = Release|Any CPU
		{74FF9E31-751B-4AA3-B441-175E3C17E037}.Release|x86.Build.0 = Release|Any CPU
		{FDA798C4-70E1-4307-9782-68AEA66D2F53}.Debug|Any CPU.ActiveCfg = Debug|Any CPU
		{FDA798C4-70E1-4307-9782-68AEA66D2F53}.Debug|Any CPU.Build.0 = Debug|Any CPU
		{FDA798C4-70E1-4307-9782-68AEA66D2F53}.Debug|Mixed Platforms.ActiveCfg = Debug|Any CPU
		{FDA798C4-70E1-4307-9782-68AEA66D2F53}.Debug|Mixed Platforms.Build.0 = Debug|Any CPU
		{FDA798C4-70E1-4307-9782-68AEA66D2F53}.Debug|x64.ActiveCfg = Debug|Any CPU
		{FDA798C4-70E1-4307-9782-68AEA66D2F53}.Debug|x64.Build.0 = Debug|Any CPU
		{FDA798C4-70E1-4307-9782-68AEA66D2F53}.Debug|x86.ActiveCfg = Debug|Any CPU
		{FDA798C4-70E1-4307-9782-68AEA66D2F53}.Debug|x86.Build.0 = Debug|Any CPU
		{FDA798C4-70E1-4307-9782-68AEA66D2F53}.Release|Any CPU.ActiveCfg = Release|Any CPU
		{FDA798C4-70E1-4307-9782-68AEA66D2F53}.Release|Any CPU.Build.0 = Release|Any CPU
		{FDA798C4-70E1-4307-9782-68AEA66D2F53}.Release|Mixed Platforms.ActiveCfg = Release|Any CPU
		{FDA798C4-70E1-4307-9782-68AEA66D2F53}.Release|Mixed Platforms.Build.0 = Release|Any CPU
		{FDA798C4-70E1-4307-9782-68AEA66D2F53}.Release|x64.ActiveCfg = Release|Any CPU
		{FDA798C4-70E1-4307-9782-68AEA66D2F53}.Release|x64.Build.0 = Release|Any CPU
		{FDA798C4-70E1-4307-9782-68AEA66D2F53}.Release|x86.ActiveCfg = Release|Any CPU
		{FDA798C4-70E1-4307-9782-68AEA66D2F53}.Release|x86.Build.0 = Release|Any CPU
		{957BC93B-8DFF-4340-A2E1-0E83A775A680}.Debug|Any CPU.ActiveCfg = Debug|Any CPU
		{957BC93B-8DFF-4340-A2E1-0E83A775A680}.Debug|Any CPU.Build.0 = Debug|Any CPU
		{957BC93B-8DFF-4340-A2E1-0E83A775A680}.Debug|Mixed Platforms.ActiveCfg = Debug|Any CPU
		{957BC93B-8DFF-4340-A2E1-0E83A775A680}.Debug|Mixed Platforms.Build.0 = Debug|Any CPU
		{957BC93B-8DFF-4340-A2E1-0E83A775A680}.Debug|x64.ActiveCfg = Debug|Any CPU
		{957BC93B-8DFF-4340-A2E1-0E83A775A680}.Debug|x64.Build.0 = Debug|Any CPU
		{957BC93B-8DFF-4340-A2E1-0E83A775A680}.Debug|x86.ActiveCfg = Debug|Any CPU
		{957BC93B-8DFF-4340-A2E1-0E83A775A680}.Debug|x86.Build.0 = Debug|Any CPU
		{957BC93B-8DFF-4340-A2E1-0E83A775A680}.Release|Any CPU.ActiveCfg = Release|Any CPU
		{957BC93B-8DFF-4340-A2E1-0E83A775A680}.Release|Any CPU.Build.0 = Release|Any CPU
		{957BC93B-8DFF-4340-A2E1-0E83A775A680}.Release|Mixed Platforms.ActiveCfg = Release|Any CPU
		{957BC93B-8DFF-4340-A2E1-0E83A775A680}.Release|Mixed Platforms.Build.0 = Release|Any CPU
		{957BC93B-8DFF-4340-A2E1-0E83A775A680}.Release|x64.ActiveCfg = Release|Any CPU
		{957BC93B-8DFF-4340-A2E1-0E83A775A680}.Release|x64.Build.0 = Release|Any CPU
		{957BC93B-8DFF-4340-A2E1-0E83A775A680}.Release|x86.ActiveCfg = Release|Any CPU
		{957BC93B-8DFF-4340-A2E1-0E83A775A680}.Release|x86.Build.0 = Release|Any CPU
		{01290D87-C036-4970-8104-AF60BD17B214}.Debug|Any CPU.ActiveCfg = Debug|Any CPU
		{01290D87-C036-4970-8104-AF60BD17B214}.Debug|Any CPU.Build.0 = Debug|Any CPU
		{01290D87-C036-4970-8104-AF60BD17B214}.Debug|Mixed Platforms.ActiveCfg = Debug|Any CPU
		{01290D87-C036-4970-8104-AF60BD17B214}.Debug|Mixed Platforms.Build.0 = Debug|Any CPU
		{01290D87-C036-4970-8104-AF60BD17B214}.Debug|x64.ActiveCfg = Debug|Any CPU
		{01290D87-C036-4970-8104-AF60BD17B214}.Debug|x64.Build.0 = Debug|Any CPU
		{01290D87-C036-4970-8104-AF60BD17B214}.Debug|x86.ActiveCfg = Debug|Any CPU
		{01290D87-C036-4970-8104-AF60BD17B214}.Debug|x86.Build.0 = Debug|Any CPU
		{01290D87-C036-4970-8104-AF60BD17B214}.Release|Any CPU.ActiveCfg = Release|Any CPU
		{01290D87-C036-4970-8104-AF60BD17B214}.Release|Any CPU.Build.0 = Release|Any CPU
		{01290D87-C036-4970-8104-AF60BD17B214}.Release|Mixed Platforms.ActiveCfg = Release|Any CPU
		{01290D87-C036-4970-8104-AF60BD17B214}.Release|Mixed Platforms.Build.0 = Release|Any CPU
		{01290D87-C036-4970-8104-AF60BD17B214}.Release|x64.ActiveCfg = Release|Any CPU
		{01290D87-C036-4970-8104-AF60BD17B214}.Release|x64.Build.0 = Release|Any CPU
		{01290D87-C036-4970-8104-AF60BD17B214}.Release|x86.ActiveCfg = Release|Any CPU
		{01290D87-C036-4970-8104-AF60BD17B214}.Release|x86.Build.0 = Release|Any CPU
		{CA6F33A3-64D9-4A22-9254-B91B3CDBAFDE}.Debug|Any CPU.ActiveCfg = Debug|Any CPU
		{CA6F33A3-64D9-4A22-9254-B91B3CDBAFDE}.Debug|Any CPU.Build.0 = Debug|Any CPU
		{CA6F33A3-64D9-4A22-9254-B91B3CDBAFDE}.Debug|Mixed Platforms.ActiveCfg = Debug|Any CPU
		{CA6F33A3-64D9-4A22-9254-B91B3CDBAFDE}.Debug|Mixed Platforms.Build.0 = Debug|Any CPU
		{CA6F33A3-64D9-4A22-9254-B91B3CDBAFDE}.Debug|x64.ActiveCfg = Debug|Any CPU
		{CA6F33A3-64D9-4A22-9254-B91B3CDBAFDE}.Debug|x64.Build.0 = Debug|Any CPU
		{CA6F33A3-64D9-4A22-9254-B91B3CDBAFDE}.Debug|x86.ActiveCfg = Debug|Any CPU
		{CA6F33A3-64D9-4A22-9254-B91B3CDBAFDE}.Debug|x86.Build.0 = Debug|Any CPU
		{CA6F33A3-64D9-4A22-9254-B91B3CDBAFDE}.Release|Any CPU.ActiveCfg = Release|Any CPU
		{CA6F33A3-64D9-4A22-9254-B91B3CDBAFDE}.Release|Any CPU.Build.0 = Release|Any CPU
		{CA6F33A3-64D9-4A22-9254-B91B3CDBAFDE}.Release|Mixed Platforms.ActiveCfg = Release|Any CPU
		{CA6F33A3-64D9-4A22-9254-B91B3CDBAFDE}.Release|Mixed Platforms.Build.0 = Release|Any CPU
		{CA6F33A3-64D9-4A22-9254-B91B3CDBAFDE}.Release|x64.ActiveCfg = Release|Any CPU
		{CA6F33A3-64D9-4A22-9254-B91B3CDBAFDE}.Release|x64.Build.0 = Release|Any CPU
		{CA6F33A3-64D9-4A22-9254-B91B3CDBAFDE}.Release|x86.ActiveCfg = Release|Any CPU
		{CA6F33A3-64D9-4A22-9254-B91B3CDBAFDE}.Release|x86.Build.0 = Release|Any CPU
		{90227F02-4CA5-436D-9691-78518DCEC4DB}.Debug|Any CPU.ActiveCfg = Debug|Any CPU
		{90227F02-4CA5-436D-9691-78518DCEC4DB}.Debug|Any CPU.Build.0 = Debug|Any CPU
		{90227F02-4CA5-436D-9691-78518DCEC4DB}.Debug|Mixed Platforms.ActiveCfg = Debug|Any CPU
		{90227F02-4CA5-436D-9691-78518DCEC4DB}.Debug|Mixed Platforms.Build.0 = Debug|Any CPU
		{90227F02-4CA5-436D-9691-78518DCEC4DB}.Debug|x64.ActiveCfg = Debug|Any CPU
		{90227F02-4CA5-436D-9691-78518DCEC4DB}.Debug|x64.Build.0 = Debug|Any CPU
		{90227F02-4CA5-436D-9691-78518DCEC4DB}.Debug|x86.ActiveCfg = Debug|Any CPU
		{90227F02-4CA5-436D-9691-78518DCEC4DB}.Debug|x86.Build.0 = Debug|Any CPU
		{90227F02-4CA5-436D-9691-78518DCEC4DB}.Release|Any CPU.ActiveCfg = Release|Any CPU
		{90227F02-4CA5-436D-9691-78518DCEC4DB}.Release|Any CPU.Build.0 = Release|Any CPU
		{90227F02-4CA5-436D-9691-78518DCEC4DB}.Release|Mixed Platforms.ActiveCfg = Release|Any CPU
		{90227F02-4CA5-436D-9691-78518DCEC4DB}.Release|Mixed Platforms.Build.0 = Release|Any CPU
		{90227F02-4CA5-436D-9691-78518DCEC4DB}.Release|x64.ActiveCfg = Release|Any CPU
		{90227F02-4CA5-436D-9691-78518DCEC4DB}.Release|x64.Build.0 = Release|Any CPU
		{90227F02-4CA5-436D-9691-78518DCEC4DB}.Release|x86.ActiveCfg = Release|Any CPU
		{90227F02-4CA5-436D-9691-78518DCEC4DB}.Release|x86.Build.0 = Release|Any CPU
	EndGlobalSection
	GlobalSection(SolutionProperties) = preSolution
		HideSolutionNode = FALSE
	EndGlobalSection
EndGlobal
