
Microsoft Visual Studio Solution File, Format Version 12.00
# Visual Studio Version 16
VisualStudioVersion = 16.0.30114.105
MinimumVisualStudioVersion = 10.0.40219.1
Project("{9A19103F-16F7-4668-BE54-9A1E7A4F7556}") = "MoyskleyTech.ImageProcessing", "MoyskleyTech.ImageProcessing\MoyskleyTech.ImageProcessing.csproj", "{2C8478D7-77CC-4BC2-8909-CF0D2ECF2E0A}"
EndProject
Project("{9A19103F-16F7-4668-BE54-9A1E7A4F7556}") = "MoyskleyTech.Mathematics", "MoyskleyTech.Mathematics\MoyskleyTech.Mathematics.csproj", "{DB1E3F2B-B6FA-425A-A8C2-2A994303F05D}"
EndProject
Project("{FAE04EC0-301F-11D3-BF4B-00C04F79EFBC}") = "FontEditor", "FontEditor\FontEditor.csproj", "{284D0B6E-A0DA-4B1F-A203-2E7C62D96FB5}"
EndProject
Project("{9A19103F-16F7-4668-BE54-9A1E7A4F7556}") = "MoyskleyTech.Serialization", "MoyskleyTech.Serialization\MoyskleyTech.Serialization.csproj", "{DA0D0863-DF5C-4578-8D0D-46E4BDB7982A}"
EndProject
Project("{9A19103F-16F7-4668-BE54-9A1E7A4F7556}") = "MoyskleyTech.Charting", "MoyskleyTech.Charting\MoyskleyTech.Charting.csproj", "{6A3DBB52-B853-4B96-AA2A-E8259C8737CA}"
EndProject
Project("{9A19103F-16F7-4668-BE54-9A1E7A4F7556}") = "MoyskleyTech.ImageProcessing.FontLibrary", "MoyskleyTech.ImageProcessing.FontLibrary\MoyskleyTech.ImageProcessing.FontLibrary.csproj", "{FF2821E6-C5FB-48F7-8A55-81FF7053EE14}"
EndProject
Project("{9A19103F-16F7-4668-BE54-9A1E7A4F7556}") = "MoyskleyTech.ImageProcessing.SVG", "MoyskleyTech.ImageProcessing.SVG\MoyskleyTech.ImageProcessing.SVG.csproj", "{9F365135-F07D-489D-8741-3F8DFE6A94A9}"
EndProject
Project("{9A19103F-16F7-4668-BE54-9A1E7A4F7556}") = "MoyskleyTech.ImageProcessing.PNGCodec", "MoyskleyTech.ImageProcessing.PNGCodec\MoyskleyTech.ImageProcessing.PNGCodec.csproj", "{154DD636-43AF-45E8-BF4F-D10F85298A4B}"
EndProject
Project("{9A19103F-16F7-4668-BE54-9A1E7A4F7556}") = "MoyskleyTech.ImageProcessing.TGACodec", "MoyskleyTech.ImageProcessing.TGACodec\MoyskleyTech.ImageProcessing.TGACodec.csproj", "{957BC93B-8DFF-4340-A2E1-0E83A775A680}"
EndProject
Project("{9A19103F-16F7-4668-BE54-9A1E7A4F7556}") = "MoyskleyTech.ImageProcessing.Recognition", "MoyskleyTech.ImageProcessing.Recognition\MoyskleyTech.ImageProcessing.Recognition.csproj", "{90227F02-4CA5-436D-9691-78518DCEC4DB}"
EndProject
Project("{2150E333-8FDC-42A3-9474-1A3956D46DE8}") = "Solution Items", "Solution Items", "{BD8653E6-4656-4851-898A-FA7EE0430BD3}"
	ProjectSection(SolutionItems) = preProject
		.gitignore = .gitignore
		LICENSE = LICENSE
		logo.png = logo.png
		publish-packages.ps1 = publish-packages.ps1
		README.md = README.md
	EndProjectSection
EndProject
Project("{2150E333-8FDC-42A3-9474-1A3956D46DE8}") = "Demos", "Demos", "{35C1F50A-062F-4563-BFC8-6508F1E3C9E2}"
EndProject
Project("{FAE04EC0-301F-11D3-BF4B-00C04F79EFBC}") = "EllipseDemo", "EllipseDemo\EllipseDemo.csproj", "{69342FD2-AE78-4748-B64B-6DE3B9B99999}"
EndProject
Project("{FAE04EC0-301F-11D3-BF4B-00C04F79EFBC}") = "SobelExample", "SobelExample\SobelExample.csproj", "{99BD144E-D2DB-4F7B-99F7-248FC993F1FB}"
EndProject
Project("{9A19103F-16F7-4668-BE54-9A1E7A4F7556}") = "MoyskleyTech.ImageProcessing.JPEGCodec", "MoyskleyTech.ImageProcessing.JPEGCodec\MoyskleyTech.ImageProcessing.JPEGCodec.csproj", "{CB142ADA-9646-42EE-B2B5-1BD1755C7F4A}"
EndProject
Project("{9A19103F-16F7-4668-BE54-9A1E7A4F7556}") = "MoyskleyTech.ImageProcessing.Filters", "MoyskleyTech.ImageProcessing.Filters\MoyskleyTech.ImageProcessing.Filters.csproj", "{D6048839-427C-4E84-9D3C-A56202D7A2D5}"
EndProject
Project("{FAE04EC0-301F-11D3-BF4B-00C04F79EFBC}") = "FilterExample", "FilterExample\FilterExample.csproj", "{E068DDCD-02BC-43E6-91EA-974540C12E76}"
EndProject
Project("{FAE04EC0-301F-11D3-BF4B-00C04F79EFBC}") = "AllBPPDemo", "AllBPPDemo\AllBPPDemo.csproj", "{2A347042-59CF-4ECA-ADFE-FAEEE52A8AC6}"
EndProject
Project("{9A19103F-16F7-4668-BE54-9A1E7A4F7556}") = "MoyskleyTech.ImageProcessing.IO", "MoyskleyTech.ImageProcessing.IO\MoyskleyTech.ImageProcessing.IO.csproj", "{BCAF54B5-793A-449F-8926-AAC87277199B}"
EndProject
Project("{FAE04EC0-301F-11D3-BF4B-00C04F79EFBC}") = "ProjectionDemo", "ProjectionDemo\ProjectionDemo.csproj", "{89371055-BBE7-4C89-80C2-1C53622718C8}"
EndProject
Project("{FAE04EC0-301F-11D3-BF4B-00C04F79EFBC}") = "WinFormDemo(Multiple Test)", "WinFormDemo(Multiple Test)\WinFormDemo(Multiple Test).csproj", "{6C71483E-6C52-43EB-A01B-4A9229580380}"
EndProject
Project("{FAE04EC0-301F-11D3-BF4B-00C04F79EFBC}") = "PNGCodecTest", "PDFCodecTest\PNGCodecTest.csproj", "{CBF773FB-4AD3-44F6-A85E-AA6DBE8F060D}"
EndProject
Project("{FAE04EC0-301F-11D3-BF4B-00C04F79EFBC}") = "MoyskleyTech.ImageProcessing.Android", "MoyskleyTech.ImageProcessing.Android\MoyskleyTech.ImageProcessing.Android.csproj", "{FD31D697-FAE2-437D-92D0-4A674A464ED9}"
EndProject
Project("{FAE04EC0-301F-11D3-BF4B-00C04F79EFBC}") = "MoyskleyTech.ImageProcessing.iOS", "MoyskleyTech.ImageProcessing.iOS\MoyskleyTech.ImageProcessing.iOS.csproj", "{4A579453-6F61-47B3-83A2-2A8D0C974998}"
EndProject
Project("{FAE04EC0-301F-11D3-BF4B-00C04F79EFBC}") = "MoyskleyTech.ImageProcessing.Android.Test", "MoyskleyTech.ImageProcessing.Android.Test\MoyskleyTech.ImageProcessing.Android.Test.csproj", "{DA860011-0DB3-4381-BD7B-51F68EAE2ACD}"
EndProject
Project("{9A19103F-16F7-4668-BE54-9A1E7A4F7556}") = "MoyskleyTech.ImageProcessing.Windows.Forms", "MoyskleyTech.ImageProcessing.Windows.Forms\MoyskleyTech.ImageProcessing.Windows.Forms.csproj", "{E98207C6-A4C4-46C5-BB2E-D512EF5E6764}"
EndProject
Project("{9A19103F-16F7-4668-BE54-9A1E7A4F7556}") = "MoyskleyTech.ImageProcessing.Windows.WPF", "MoyskleyTech.ImageProcessing.Windows.WPF\MoyskleyTech.ImageProcessing.Windows.WPF.csproj", "{D7043633-5053-403C-8C99-770F081EBE8A}"
EndProject
Project("{FAE04EC0-301F-11D3-BF4B-00C04F79EFBC}") = "Demo.Nuget", "Demo.Nuget\Demo.Nuget.csproj", "{64986989-23A3-4284-889C-684BCCCA6B2A}"
EndProject
Global
	GlobalSection(SolutionConfigurationPlatforms) = preSolution
		Debug|Any CPU = Debug|Any CPU
		Debug|MCD = Debug|MCD
		Release|Any CPU = Release|Any CPU
		Release|MCD = Release|MCD
	EndGlobalSection
	GlobalSection(ProjectConfigurationPlatforms) = postSolution
		{2C8478D7-77CC-4BC2-8909-CF0D2ECF2E0A}.Debug|Any CPU.ActiveCfg = Debug|Any CPU
		{2C8478D7-77CC-4BC2-8909-CF0D2ECF2E0A}.Debug|Any CPU.Build.0 = Debug|Any CPU
		{2C8478D7-77CC-4BC2-8909-CF0D2ECF2E0A}.Debug|MCD.ActiveCfg = Debug|Any CPU
		{2C8478D7-77CC-4BC2-8909-CF0D2ECF2E0A}.Debug|MCD.Build.0 = Debug|Any CPU
		{2C8478D7-77CC-4BC2-8909-CF0D2ECF2E0A}.Release|Any CPU.ActiveCfg = Release|Any CPU
		{2C8478D7-77CC-4BC2-8909-CF0D2ECF2E0A}.Release|Any CPU.Build.0 = Release|Any CPU
		{2C8478D7-77CC-4BC2-8909-CF0D2ECF2E0A}.Release|MCD.ActiveCfg = Release|Any CPU
		{2C8478D7-77CC-4BC2-8909-CF0D2ECF2E0A}.Release|MCD.Build.0 = Release|Any CPU
		{DB1E3F2B-B6FA-425A-A8C2-2A994303F05D}.Debug|Any CPU.ActiveCfg = Debug|Any CPU
		{DB1E3F2B-B6FA-425A-A8C2-2A994303F05D}.Debug|Any CPU.Build.0 = Debug|Any CPU
		{DB1E3F2B-B6FA-425A-A8C2-2A994303F05D}.Debug|MCD.ActiveCfg = Debug|Any CPU
		{DB1E3F2B-B6FA-425A-A8C2-2A994303F05D}.Debug|MCD.Build.0 = Debug|Any CPU
		{DB1E3F2B-B6FA-425A-A8C2-2A994303F05D}.Release|Any CPU.ActiveCfg = Release|Any CPU
		{DB1E3F2B-B6FA-425A-A8C2-2A994303F05D}.Release|Any CPU.Build.0 = Release|Any CPU
		{DB1E3F2B-B6FA-425A-A8C2-2A994303F05D}.Release|MCD.ActiveCfg = Release|Any CPU
		{DB1E3F2B-B6FA-425A-A8C2-2A994303F05D}.Release|MCD.Build.0 = Release|Any CPU
		{284D0B6E-A0DA-4B1F-A203-2E7C62D96FB5}.Debug|Any CPU.ActiveCfg = Debug|Any CPU
		{284D0B6E-A0DA-4B1F-A203-2E7C62D96FB5}.Debug|Any CPU.Build.0 = Debug|Any CPU
		{284D0B6E-A0DA-4B1F-A203-2E7C62D96FB5}.Debug|MCD.ActiveCfg = Debug|Any CPU
		{284D0B6E-A0DA-4B1F-A203-2E7C62D96FB5}.Debug|MCD.Build.0 = Debug|Any CPU
		{284D0B6E-A0DA-4B1F-A203-2E7C62D96FB5}.Release|Any CPU.ActiveCfg = Release|Any CPU
		{284D0B6E-A0DA-4B1F-A203-2E7C62D96FB5}.Release|Any CPU.Build.0 = Release|Any CPU
		{284D0B6E-A0DA-4B1F-A203-2E7C62D96FB5}.Release|MCD.ActiveCfg = Release|Any CPU
		{284D0B6E-A0DA-4B1F-A203-2E7C62D96FB5}.Release|MCD.Build.0 = Release|Any CPU
		{DA0D0863-DF5C-4578-8D0D-46E4BDB7982A}.Debug|Any CPU.ActiveCfg = Debug|Any CPU
		{DA0D0863-DF5C-4578-8D0D-46E4BDB7982A}.Debug|Any CPU.Build.0 = Debug|Any CPU
		{DA0D0863-DF5C-4578-8D0D-46E4BDB7982A}.Debug|MCD.ActiveCfg = Debug|Any CPU
		{DA0D0863-DF5C-4578-8D0D-46E4BDB7982A}.Debug|MCD.Build.0 = Debug|Any CPU
		{DA0D0863-DF5C-4578-8D0D-46E4BDB7982A}.Release|Any CPU.ActiveCfg = Release|Any CPU
		{DA0D0863-DF5C-4578-8D0D-46E4BDB7982A}.Release|Any CPU.Build.0 = Release|Any CPU
		{DA0D0863-DF5C-4578-8D0D-46E4BDB7982A}.Release|MCD.ActiveCfg = Release|Any CPU
		{DA0D0863-DF5C-4578-8D0D-46E4BDB7982A}.Release|MCD.Build.0 = Release|Any CPU
		{6A3DBB52-B853-4B96-AA2A-E8259C8737CA}.Debug|Any CPU.ActiveCfg = Debug|Any CPU
		{6A3DBB52-B853-4B96-AA2A-E8259C8737CA}.Debug|Any CPU.Build.0 = Debug|Any CPU
		{6A3DBB52-B853-4B96-AA2A-E8259C8737CA}.Debug|MCD.ActiveCfg = Debug|Any CPU
		{6A3DBB52-B853-4B96-AA2A-E8259C8737CA}.Debug|MCD.Build.0 = Debug|Any CPU
		{6A3DBB52-B853-4B96-AA2A-E8259C8737CA}.Release|Any CPU.ActiveCfg = Release|Any CPU
		{6A3DBB52-B853-4B96-AA2A-E8259C8737CA}.Release|Any CPU.Build.0 = Release|Any CPU
		{6A3DBB52-B853-4B96-AA2A-E8259C8737CA}.Release|MCD.ActiveCfg = Release|Any CPU
		{6A3DBB52-B853-4B96-AA2A-E8259C8737CA}.Release|MCD.Build.0 = Release|Any CPU
		{FF2821E6-C5FB-48F7-8A55-81FF7053EE14}.Debug|Any CPU.ActiveCfg = Debug|Any CPU
		{FF2821E6-C5FB-48F7-8A55-81FF7053EE14}.Debug|Any CPU.Build.0 = Debug|Any CPU
		{FF2821E6-C5FB-48F7-8A55-81FF7053EE14}.Debug|MCD.ActiveCfg = Debug|Any CPU
		{FF2821E6-C5FB-48F7-8A55-81FF7053EE14}.Debug|MCD.Build.0 = Debug|Any CPU
		{FF2821E6-C5FB-48F7-8A55-81FF7053EE14}.Release|Any CPU.ActiveCfg = Release|Any CPU
		{FF2821E6-C5FB-48F7-8A55-81FF7053EE14}.Release|Any CPU.Build.0 = Release|Any CPU
		{FF2821E6-C5FB-48F7-8A55-81FF7053EE14}.Release|MCD.ActiveCfg = Release|Any CPU
		{FF2821E6-C5FB-48F7-8A55-81FF7053EE14}.Release|MCD.Build.0 = Release|Any CPU
		{9F365135-F07D-489D-8741-3F8DFE6A94A9}.Debug|Any CPU.ActiveCfg = Debug|Any CPU
		{9F365135-F07D-489D-8741-3F8DFE6A94A9}.Debug|Any CPU.Build.0 = Debug|Any CPU
		{9F365135-F07D-489D-8741-3F8DFE6A94A9}.Debug|MCD.ActiveCfg = Debug|Any CPU
		{9F365135-F07D-489D-8741-3F8DFE6A94A9}.Debug|MCD.Build.0 = Debug|Any CPU
		{9F365135-F07D-489D-8741-3F8DFE6A94A9}.Release|Any CPU.ActiveCfg = Release|Any CPU
		{9F365135-F07D-489D-8741-3F8DFE6A94A9}.Release|Any CPU.Build.0 = Release|Any CPU
		{9F365135-F07D-489D-8741-3F8DFE6A94A9}.Release|MCD.ActiveCfg = Release|Any CPU
		{9F365135-F07D-489D-8741-3F8DFE6A94A9}.Release|MCD.Build.0 = Release|Any CPU
		{154DD636-43AF-45E8-BF4F-D10F85298A4B}.Debug|Any CPU.ActiveCfg = Debug|Any CPU
		{154DD636-43AF-45E8-BF4F-D10F85298A4B}.Debug|Any CPU.Build.0 = Debug|Any CPU
		{154DD636-43AF-45E8-BF4F-D10F85298A4B}.Debug|MCD.ActiveCfg = Debug|Any CPU
		{154DD636-43AF-45E8-BF4F-D10F85298A4B}.Debug|MCD.Build.0 = Debug|Any CPU
		{154DD636-43AF-45E8-BF4F-D10F85298A4B}.Release|Any CPU.ActiveCfg = Release|Any CPU
		{154DD636-43AF-45E8-BF4F-D10F85298A4B}.Release|Any CPU.Build.0 = Release|Any CPU
		{154DD636-43AF-45E8-BF4F-D10F85298A4B}.Release|MCD.ActiveCfg = Release|Any CPU
		{154DD636-43AF-45E8-BF4F-D10F85298A4B}.Release|MCD.Build.0 = Release|Any CPU
		{957BC93B-8DFF-4340-A2E1-0E83A775A680}.Debug|Any CPU.ActiveCfg = Debug|Any CPU
		{957BC93B-8DFF-4340-A2E1-0E83A775A680}.Debug|Any CPU.Build.0 = Debug|Any CPU
		{957BC93B-8DFF-4340-A2E1-0E83A775A680}.Debug|MCD.ActiveCfg = Debug|Any CPU
		{957BC93B-8DFF-4340-A2E1-0E83A775A680}.Debug|MCD.Build.0 = Debug|Any CPU
		{957BC93B-8DFF-4340-A2E1-0E83A775A680}.Release|Any CPU.ActiveCfg = Release|Any CPU
		{957BC93B-8DFF-4340-A2E1-0E83A775A680}.Release|Any CPU.Build.0 = Release|Any CPU
		{957BC93B-8DFF-4340-A2E1-0E83A775A680}.Release|MCD.ActiveCfg = Release|Any CPU
		{957BC93B-8DFF-4340-A2E1-0E83A775A680}.Release|MCD.Build.0 = Release|Any CPU
		{90227F02-4CA5-436D-9691-78518DCEC4DB}.Debug|Any CPU.ActiveCfg = Debug|Any CPU
		{90227F02-4CA5-436D-9691-78518DCEC4DB}.Debug|Any CPU.Build.0 = Debug|Any CPU
		{90227F02-4CA5-436D-9691-78518DCEC4DB}.Debug|MCD.ActiveCfg = Debug|Any CPU
		{90227F02-4CA5-436D-9691-78518DCEC4DB}.Debug|MCD.Build.0 = Debug|Any CPU
		{90227F02-4CA5-436D-9691-78518DCEC4DB}.Release|Any CPU.ActiveCfg = Release|Any CPU
		{90227F02-4CA5-436D-9691-78518DCEC4DB}.Release|Any CPU.Build.0 = Release|Any CPU
		{90227F02-4CA5-436D-9691-78518DCEC4DB}.Release|MCD.ActiveCfg = Release|Any CPU
		{90227F02-4CA5-436D-9691-78518DCEC4DB}.Release|MCD.Build.0 = Release|Any CPU
		{69342FD2-AE78-4748-B64B-6DE3B9B99999}.Debug|Any CPU.ActiveCfg = Debug|Any CPU
		{69342FD2-AE78-4748-B64B-6DE3B9B99999}.Debug|Any CPU.Build.0 = Debug|Any CPU
		{69342FD2-AE78-4748-B64B-6DE3B9B99999}.Debug|MCD.ActiveCfg = Debug|MCD
		{69342FD2-AE78-4748-B64B-6DE3B9B99999}.Debug|MCD.Build.0 = Debug|MCD
		{69342FD2-AE78-4748-B64B-6DE3B9B99999}.Release|Any CPU.ActiveCfg = Release|Any CPU
		{69342FD2-AE78-4748-B64B-6DE3B9B99999}.Release|Any CPU.Build.0 = Release|Any CPU
		{69342FD2-AE78-4748-B64B-6DE3B9B99999}.Release|MCD.ActiveCfg = Release|MCD
		{69342FD2-AE78-4748-B64B-6DE3B9B99999}.Release|MCD.Build.0 = Release|MCD
		{99BD144E-D2DB-4F7B-99F7-248FC993F1FB}.Debug|Any CPU.ActiveCfg = Debug|Any CPU
		{99BD144E-D2DB-4F7B-99F7-248FC993F1FB}.Debug|Any CPU.Build.0 = Debug|Any CPU
		{99BD144E-D2DB-4F7B-99F7-248FC993F1FB}.Debug|MCD.ActiveCfg = Debug|MCD
		{99BD144E-D2DB-4F7B-99F7-248FC993F1FB}.Debug|MCD.Build.0 = Debug|MCD
		{99BD144E-D2DB-4F7B-99F7-248FC993F1FB}.Release|Any CPU.ActiveCfg = Release|Any CPU
		{99BD144E-D2DB-4F7B-99F7-248FC993F1FB}.Release|Any CPU.Build.0 = Release|Any CPU
		{99BD144E-D2DB-4F7B-99F7-248FC993F1FB}.Release|MCD.ActiveCfg = Release|MCD
		{99BD144E-D2DB-4F7B-99F7-248FC993F1FB}.Release|MCD.Build.0 = Release|MCD
		{CB142ADA-9646-42EE-B2B5-1BD1755C7F4A}.Debug|Any CPU.ActiveCfg = Debug|Any CPU
		{CB142ADA-9646-42EE-B2B5-1BD1755C7F4A}.Debug|Any CPU.Build.0 = Debug|Any CPU
		{CB142ADA-9646-42EE-B2B5-1BD1755C7F4A}.Debug|MCD.ActiveCfg = Debug|Any CPU
		{CB142ADA-9646-42EE-B2B5-1BD1755C7F4A}.Debug|MCD.Build.0 = Debug|Any CPU
		{CB142ADA-9646-42EE-B2B5-1BD1755C7F4A}.Release|Any CPU.ActiveCfg = Release|Any CPU
		{CB142ADA-9646-42EE-B2B5-1BD1755C7F4A}.Release|Any CPU.Build.0 = Release|Any CPU
		{CB142ADA-9646-42EE-B2B5-1BD1755C7F4A}.Release|MCD.ActiveCfg = Release|Any CPU
		{CB142ADA-9646-42EE-B2B5-1BD1755C7F4A}.Release|MCD.Build.0 = Release|Any CPU
		{D6048839-427C-4E84-9D3C-A56202D7A2D5}.Debug|Any CPU.ActiveCfg = Debug|Any CPU
		{D6048839-427C-4E84-9D3C-A56202D7A2D5}.Debug|Any CPU.Build.0 = Debug|Any CPU
		{D6048839-427C-4E84-9D3C-A56202D7A2D5}.Debug|MCD.ActiveCfg = Debug|Any CPU
		{D6048839-427C-4E84-9D3C-A56202D7A2D5}.Debug|MCD.Build.0 = Debug|Any CPU
		{D6048839-427C-4E84-9D3C-A56202D7A2D5}.Release|Any CPU.ActiveCfg = Release|Any CPU
		{D6048839-427C-4E84-9D3C-A56202D7A2D5}.Release|Any CPU.Build.0 = Release|Any CPU
		{D6048839-427C-4E84-9D3C-A56202D7A2D5}.Release|MCD.ActiveCfg = Release|Any CPU
		{D6048839-427C-4E84-9D3C-A56202D7A2D5}.Release|MCD.Build.0 = Release|Any CPU
		{E068DDCD-02BC-43E6-91EA-974540C12E76}.Debug|Any CPU.ActiveCfg = Debug|Any CPU
		{E068DDCD-02BC-43E6-91EA-974540C12E76}.Debug|Any CPU.Build.0 = Debug|Any CPU
		{E068DDCD-02BC-43E6-91EA-974540C12E76}.Debug|MCD.ActiveCfg = Debug|MCD
		{E068DDCD-02BC-43E6-91EA-974540C12E76}.Debug|MCD.Build.0 = Debug|MCD
		{E068DDCD-02BC-43E6-91EA-974540C12E76}.Release|Any CPU.ActiveCfg = Release|Any CPU
		{E068DDCD-02BC-43E6-91EA-974540C12E76}.Release|Any CPU.Build.0 = Release|Any CPU
		{E068DDCD-02BC-43E6-91EA-974540C12E76}.Release|MCD.ActiveCfg = Release|MCD
		{E068DDCD-02BC-43E6-91EA-974540C12E76}.Release|MCD.Build.0 = Release|MCD
		{2A347042-59CF-4ECA-ADFE-FAEEE52A8AC6}.Debug|Any CPU.ActiveCfg = Debug|Any CPU
		{2A347042-59CF-4ECA-ADFE-FAEEE52A8AC6}.Debug|Any CPU.Build.0 = Debug|Any CPU
		{2A347042-59CF-4ECA-ADFE-FAEEE52A8AC6}.Debug|MCD.ActiveCfg = Debug|MCD
		{2A347042-59CF-4ECA-ADFE-FAEEE52A8AC6}.Debug|MCD.Build.0 = Debug|MCD
		{2A347042-59CF-4ECA-ADFE-FAEEE52A8AC6}.Release|Any CPU.ActiveCfg = Release|Any CPU
		{2A347042-59CF-4ECA-ADFE-FAEEE52A8AC6}.Release|Any CPU.Build.0 = Release|Any CPU
		{2A347042-59CF-4ECA-ADFE-FAEEE52A8AC6}.Release|MCD.ActiveCfg = Release|MCD
		{2A347042-59CF-4ECA-ADFE-FAEEE52A8AC6}.Release|MCD.Build.0 = Release|MCD
		{BCAF54B5-793A-449F-8926-AAC87277199B}.Debug|Any CPU.ActiveCfg = Debug|Any CPU
		{BCAF54B5-793A-449F-8926-AAC87277199B}.Debug|Any CPU.Build.0 = Debug|Any CPU
		{BCAF54B5-793A-449F-8926-AAC87277199B}.Debug|MCD.ActiveCfg = Debug|Any CPU
		{BCAF54B5-793A-449F-8926-AAC87277199B}.Debug|MCD.Build.0 = Debug|Any CPU
		{BCAF54B5-793A-449F-8926-AAC87277199B}.Release|Any CPU.ActiveCfg = Release|Any CPU
		{BCAF54B5-793A-449F-8926-AAC87277199B}.Release|Any CPU.Build.0 = Release|Any CPU
		{BCAF54B5-793A-449F-8926-AAC87277199B}.Release|MCD.ActiveCfg = Release|Any CPU
		{BCAF54B5-793A-449F-8926-AAC87277199B}.Release|MCD.Build.0 = Release|Any CPU
		{89371055-BBE7-4C89-80C2-1C53622718C8}.Debug|Any CPU.ActiveCfg = Debug|Any CPU
		{89371055-BBE7-4C89-80C2-1C53622718C8}.Debug|Any CPU.Build.0 = Debug|Any CPU
		{89371055-BBE7-4C89-80C2-1C53622718C8}.Debug|MCD.ActiveCfg = Debug|MCD
		{89371055-BBE7-4C89-80C2-1C53622718C8}.Debug|MCD.Build.0 = Debug|MCD
		{89371055-BBE7-4C89-80C2-1C53622718C8}.Release|Any CPU.ActiveCfg = Release|Any CPU
		{89371055-BBE7-4C89-80C2-1C53622718C8}.Release|Any CPU.Build.0 = Release|Any CPU
		{89371055-BBE7-4C89-80C2-1C53622718C8}.Release|MCD.ActiveCfg = Release|MCD
		{89371055-BBE7-4C89-80C2-1C53622718C8}.Release|MCD.Build.0 = Release|MCD
		{6C71483E-6C52-43EB-A01B-4A9229580380}.Debug|Any CPU.ActiveCfg = Debug|Any CPU
		{6C71483E-6C52-43EB-A01B-4A9229580380}.Debug|Any CPU.Build.0 = Debug|Any CPU
		{6C71483E-6C52-43EB-A01B-4A9229580380}.Debug|MCD.ActiveCfg = Debug|MCD
		{6C71483E-6C52-43EB-A01B-4A9229580380}.Debug|MCD.Build.0 = Debug|MCD
		{6C71483E-6C52-43EB-A01B-4A9229580380}.Release|Any CPU.ActiveCfg = Release|Any CPU
		{6C71483E-6C52-43EB-A01B-4A9229580380}.Release|Any CPU.Build.0 = Release|Any CPU
		{6C71483E-6C52-43EB-A01B-4A9229580380}.Release|MCD.ActiveCfg = Release|MCD
		{6C71483E-6C52-43EB-A01B-4A9229580380}.Release|MCD.Build.0 = Release|MCD
		{CBF773FB-4AD3-44F6-A85E-AA6DBE8F060D}.Debug|Any CPU.ActiveCfg = Debug|Any CPU
		{CBF773FB-4AD3-44F6-A85E-AA6DBE8F060D}.Debug|Any CPU.Build.0 = Debug|Any CPU
		{CBF773FB-4AD3-44F6-A85E-AA6DBE8F060D}.Debug|MCD.ActiveCfg = Debug|MCD
		{CBF773FB-4AD3-44F6-A85E-AA6DBE8F060D}.Debug|MCD.Build.0 = Debug|MCD
		{CBF773FB-4AD3-44F6-A85E-AA6DBE8F060D}.Release|Any CPU.ActiveCfg = Release|Any CPU
		{CBF773FB-4AD3-44F6-A85E-AA6DBE8F060D}.Release|Any CPU.Build.0 = Release|Any CPU
		{CBF773FB-4AD3-44F6-A85E-AA6DBE8F060D}.Release|MCD.ActiveCfg = Release|MCD
		{CBF773FB-4AD3-44F6-A85E-AA6DBE8F060D}.Release|MCD.Build.0 = Release|MCD
		{FD31D697-FAE2-437D-92D0-4A674A464ED9}.Debug|Any CPU.ActiveCfg = Debug|Any CPU
		{FD31D697-FAE2-437D-92D0-4A674A464ED9}.Debug|Any CPU.Build.0 = Debug|Any CPU
		{FD31D697-FAE2-437D-92D0-4A674A464ED9}.Debug|MCD.ActiveCfg = Debug|Any CPU
		{FD31D697-FAE2-437D-92D0-4A674A464ED9}.Debug|MCD.Build.0 = Debug|Any CPU
		{FD31D697-FAE2-437D-92D0-4A674A464ED9}.Release|Any CPU.ActiveCfg = Release|Any CPU
		{FD31D697-FAE2-437D-92D0-4A674A464ED9}.Release|Any CPU.Build.0 = Release|Any CPU
		{FD31D697-FAE2-437D-92D0-4A674A464ED9}.Release|MCD.ActiveCfg = Release|Any CPU
		{FD31D697-FAE2-437D-92D0-4A674A464ED9}.Release|MCD.Build.0 = Release|Any CPU
		{4A579453-6F61-47B3-83A2-2A8D0C974998}.Debug|Any CPU.ActiveCfg = Debug|Any CPU
		{4A579453-6F61-47B3-83A2-2A8D0C974998}.Debug|Any CPU.Build.0 = Debug|Any CPU
		{4A579453-6F61-47B3-83A2-2A8D0C974998}.Debug|MCD.ActiveCfg = Debug|Any CPU
		{4A579453-6F61-47B3-83A2-2A8D0C974998}.Debug|MCD.Build.0 = Debug|Any CPU
		{4A579453-6F61-47B3-83A2-2A8D0C974998}.Release|Any CPU.ActiveCfg = Release|Any CPU
		{4A579453-6F61-47B3-83A2-2A8D0C974998}.Release|Any CPU.Build.0 = Release|Any CPU
		{4A579453-6F61-47B3-83A2-2A8D0C974998}.Release|MCD.ActiveCfg = Release|Any CPU
		{4A579453-6F61-47B3-83A2-2A8D0C974998}.Release|MCD.Build.0 = Release|Any CPU
		{DA860011-0DB3-4381-BD7B-51F68EAE2ACD}.Debug|Any CPU.ActiveCfg = Debug|Any CPU
		{DA860011-0DB3-4381-BD7B-51F68EAE2ACD}.Debug|Any CPU.Build.0 = Debug|Any CPU
		{DA860011-0DB3-4381-BD7B-51F68EAE2ACD}.Debug|Any CPU.Deploy.0 = Debug|Any CPU
		{DA860011-0DB3-4381-BD7B-51F68EAE2ACD}.Debug|MCD.ActiveCfg = Debug|MCD
		{DA860011-0DB3-4381-BD7B-51F68EAE2ACD}.Debug|MCD.Build.0 = Debug|MCD
		{DA860011-0DB3-4381-BD7B-51F68EAE2ACD}.Debug|MCD.Deploy.0 = Debug|MCD
		{DA860011-0DB3-4381-BD7B-51F68EAE2ACD}.Release|Any CPU.ActiveCfg = Release|Any CPU
		{DA860011-0DB3-4381-BD7B-51F68EAE2ACD}.Release|Any CPU.Build.0 = Release|Any CPU
		{DA860011-0DB3-4381-BD7B-51F68EAE2ACD}.Release|Any CPU.Deploy.0 = Release|Any CPU
		{DA860011-0DB3-4381-BD7B-51F68EAE2ACD}.Release|MCD.ActiveCfg = Release|MCD
		{DA860011-0DB3-4381-BD7B-51F68EAE2ACD}.Release|MCD.Build.0 = Release|MCD
		{DA860011-0DB3-4381-BD7B-51F68EAE2ACD}.Release|MCD.Deploy.0 = Release|MCD
		{E98207C6-A4C4-46C5-BB2E-D512EF5E6764}.Debug|Any CPU.ActiveCfg = Debug|Any CPU
		{E98207C6-A4C4-46C5-BB2E-D512EF5E6764}.Debug|Any CPU.Build.0 = Debug|Any CPU
		{E98207C6-A4C4-46C5-BB2E-D512EF5E6764}.Debug|MCD.ActiveCfg = Debug|Any CPU
		{E98207C6-A4C4-46C5-BB2E-D512EF5E6764}.Debug|MCD.Build.0 = Debug|Any CPU
		{E98207C6-A4C4-46C5-BB2E-D512EF5E6764}.Release|Any CPU.ActiveCfg = Release|Any CPU
		{E98207C6-A4C4-46C5-BB2E-D512EF5E6764}.Release|Any CPU.Build.0 = Release|Any CPU
		{E98207C6-A4C4-46C5-BB2E-D512EF5E6764}.Release|MCD.ActiveCfg = Release|Any CPU
		{E98207C6-A4C4-46C5-BB2E-D512EF5E6764}.Release|MCD.Build.0 = Release|Any CPU
		{D7043633-5053-403C-8C99-770F081EBE8A}.Debug|Any CPU.ActiveCfg = Debug|Any CPU
		{D7043633-5053-403C-8C99-770F081EBE8A}.Debug|Any CPU.Build.0 = Debug|Any CPU
		{D7043633-5053-403C-8C99-770F081EBE8A}.Debug|MCD.ActiveCfg = Debug|Any CPU
		{D7043633-5053-403C-8C99-770F081EBE8A}.Debug|MCD.Build.0 = Debug|Any CPU
		{D7043633-5053-403C-8C99-770F081EBE8A}.Release|Any CPU.ActiveCfg = Release|Any CPU
		{D7043633-5053-403C-8C99-770F081EBE8A}.Release|Any CPU.Build.0 = Release|Any CPU
		{D7043633-5053-403C-8C99-770F081EBE8A}.Release|MCD.ActiveCfg = Release|Any CPU
		{D7043633-5053-403C-8C99-770F081EBE8A}.Release|MCD.Build.0 = Release|Any CPU
		{64986989-23A3-4284-889C-684BCCCA6B2A}.Debug|Any CPU.ActiveCfg = Debug|Any CPU
		{64986989-23A3-4284-889C-684BCCCA6B2A}.Debug|Any CPU.Build.0 = Debug|Any CPU
		{64986989-23A3-4284-889C-684BCCCA6B2A}.Debug|MCD.ActiveCfg = Debug|Any CPU
		{64986989-23A3-4284-889C-684BCCCA6B2A}.Debug|MCD.Build.0 = Debug|Any CPU
		{64986989-23A3-4284-889C-684BCCCA6B2A}.Release|Any CPU.ActiveCfg = Release|Any CPU
		{64986989-23A3-4284-889C-684BCCCA6B2A}.Release|Any CPU.Build.0 = Release|Any CPU
		{64986989-23A3-4284-889C-684BCCCA6B2A}.Release|MCD.ActiveCfg = Release|Any CPU
		{64986989-23A3-4284-889C-684BCCCA6B2A}.Release|MCD.Build.0 = Release|Any CPU
	EndGlobalSection
	GlobalSection(SolutionProperties) = preSolution
		HideSolutionNode = FALSE
	EndGlobalSection
	GlobalSection(NestedProjects) = preSolution
		{69342FD2-AE78-4748-B64B-6DE3B9B99999} = {35C1F50A-062F-4563-BFC8-6508F1E3C9E2}
		{99BD144E-D2DB-4F7B-99F7-248FC993F1FB} = {35C1F50A-062F-4563-BFC8-6508F1E3C9E2}
		{E068DDCD-02BC-43E6-91EA-974540C12E76} = {35C1F50A-062F-4563-BFC8-6508F1E3C9E2}
		{2A347042-59CF-4ECA-ADFE-FAEEE52A8AC6} = {35C1F50A-062F-4563-BFC8-6508F1E3C9E2}
		{89371055-BBE7-4C89-80C2-1C53622718C8} = {35C1F50A-062F-4563-BFC8-6508F1E3C9E2}
		{6C71483E-6C52-43EB-A01B-4A9229580380} = {35C1F50A-062F-4563-BFC8-6508F1E3C9E2}
		{CBF773FB-4AD3-44F6-A85E-AA6DBE8F060D} = {35C1F50A-062F-4563-BFC8-6508F1E3C9E2}
		{DA860011-0DB3-4381-BD7B-51F68EAE2ACD} = {35C1F50A-062F-4563-BFC8-6508F1E3C9E2}
		{64986989-23A3-4284-889C-684BCCCA6B2A} = {35C1F50A-062F-4563-BFC8-6508F1E3C9E2}
	EndGlobalSection
	GlobalSection(ExtensibilityGlobals) = postSolution
		SolutionGuid = {602B0D55-4ABB-4B5D-B1FA-E537312CD11C}
	EndGlobalSection
EndGlobal
